PODS:
  - AcknowList (2.1.1)
  - Alamofire (5.5.0)
  - Kingfisher (7.2.0)
  - Moya (15.0.0):
    - Moya/Core (= 15.0.0)
  - Moya/Combine (15.0.0):
    - Moya/Core
  - Moya/Core (15.0.0):
    - Alamofire (~> 5.0)
  - Moya/RxSwift (15.0.0):
    - Moya/Core
    - RxSwift (~> 6.0)
  - Resolver (1.5.0)
  - RxCocoa (6.5.0):
    - RxRelay (= 6.5.0)
    - RxSwift (= 6.5.0)
  - RxGesture (4.0.4):
    - RxCocoa (~> 6.0)
    - RxSwift (~> 6.0)
  - RxRelay (6.5.0):
    - RxSwift (= 6.5.0)
  - RxSwift (6.5.0)
  - SnapKit (5.0.1)
  - SwiftLint (0.47.0)
  - SwiftyJSON (5.0.1)
  - Then (3.0.0)

DEPENDENCIES:
  - AcknowList
  - Kingfisher
  - Moya
  - Moya/Combine
  - Moya/RxSwift
  - Resolver
  - RxCocoa
  - RxGesture
  - SnapKit
  - SwiftLint
  - SwiftyJSON
  - Then

SPEC REPOS:
  trunk:
    - AcknowList
    - Alamofire
    - Kingfisher
    - Moya
    - Resolver
    - RxCocoa
    - RxGesture
    - RxRelay
    - RxSwift
    - SnapKit
    - SwiftLint
    - SwiftyJSON
    - Then

SPEC CHECKSUMS:
  AcknowList: 206119961f03cfd1e15817129f6f51537707f169
  Alamofire: 1c4fb5369c3fe93d2857c780d8bbe09f06f97e7c
  Kingfisher: 3ac0b75b155cabc0e544877d1a4deea29feece92
  Moya: 138f0573e53411fb3dc17016add0b748dfbd78ee
  Resolver: 68984624572763018fd8ec7b8e3e8df0e3b6bba5
  RxCocoa: 94f817b71c07517321eb4f9ad299112ca8af743b
  RxGesture: f3efb47ed2d26a8082f7b660d4a59970e275a7f8
  RxRelay: 1de1523e604c72b6c68feadedd1af3b1b4d0ecbd
  RxSwift: 5710a9e6b17f3c3d6e40d6e559b9fa1e813b2ef8
  SnapKit: 97b92857e3df3a0c71833cce143274bf6ef8e5eb
  SwiftLint: d41cc46a2ae58ac6d9f26954bc89f1d72e71fdef
  SwiftyJSON: 2f33a42c6fbc52764d96f13368585094bfd8aa5e
  Then: 844265ae87834bbe1147d91d5d41a404da2ec27d

PODFILE CHECKSUM: c3139c95778412057b9f3750cbdb8fafcf0f1a03

COCOAPODS: 1.11.3
