// !$*UTF8*$!
{
	archiveVersion = 1;
	classes = {
	};
	objectVersion = 54;
	objects = {

/* Begin PBXBuildFile section */
		46DA1F5EC6ABEF7747217A94 /* Pods_dietaryMedicine.framework in Frameworks */ = {isa = PBXBuildFile; fileRef = 236BFF1A4EB20C3659E90B47 /* Pods_dietaryMedicine.framework */; };
		84F2FEAD2833261B00AA927B /* AddTableViewCell.swift in Sources */ = {isa = PBXBuildFile; fileRef = 84F2FEAB2833261B00AA927B /* AddTableViewCell.swift */; };
		84F2FEAE2833261B00AA927B /* AddTableViewCell.xib in Resources */ = {isa = PBXBuildFile; fileRef = 84F2FEAC2833261B00AA927B /* AddTableViewCell.xib */; };
		84F2FEB0283327ED00AA927B /* FoodViewController.swift in Sources */ = {isa = PBXBuildFile; fileRef = 84F2FEAF283327ED00AA927B /* FoodViewController.swift */; };
		84F2FEB22833294100AA927B /* SupplementsViewController.swift in Sources */ = {isa = PBXBuildFile; fileRef = 84F2FEB12833294100AA927B /* SupplementsViewController.swift */; };
		84F2FEB528332A4C00AA927B /* AddHashTagCollectionViewCell.swift in Sources */ = {isa = PBXBuildFile; fileRef = 84F2FEB328332A4C00AA927B /* AddHashTagCollectionViewCell.swift */; };
		84F2FEB628332A4C00AA927B /* AddHashTagCollectionViewCell.xib in Resources */ = {isa = PBXBuildFile; fileRef = 84F2FEB428332A4C00AA927B /* AddHashTagCollectionViewCell.xib */; };
		84F2FEB828335DE400AA927B /* ItemDetailViewController.swift in Sources */ = {isa = PBXBuildFile; fileRef = 84F2FEB728335DE400AA927B /* ItemDetailViewController.swift */; };
		9A4C3EC628313B2E001960FF /* AppDelegate.swift in Sources */ = {isa = PBXBuildFile; fileRef = 9A4C3EC528313B2E001960FF /* AppDelegate.swift */; };
		9A4C3EC828313B2E001960FF /* SceneDelegate.swift in Sources */ = {isa = PBXBuildFile; fileRef = 9A4C3EC728313B2E001960FF /* SceneDelegate.swift */; };
		9A4C3ECA28313B2E001960FF /* LoginViewController.swift in Sources */ = {isa = PBXBuildFile; fileRef = 9A4C3EC928313B2E001960FF /* LoginViewController.swift */; };
		9A4C3ECD28313B2E001960FF /* Login.storyboard in Resources */ = {isa = PBXBuildFile; fileRef = 9A4C3ECB28313B2E001960FF /* Login.storyboard */; };
		9A4C3ECF28313B30001960FF /* Assets.xcassets in Resources */ = {isa = PBXBuildFile; fileRef = 9A4C3ECE28313B30001960FF /* Assets.xcassets */; };
		9A4C3ED228313B30001960FF /* LaunchScreen.storyboard in Resources */ = {isa = PBXBuildFile; fileRef = 9A4C3ED028313B30001960FF /* LaunchScreen.storyboard */; };
		9A4C3EDA28314447001960FF /* Main.storyboard in Resources */ = {isa = PBXBuildFile; fileRef = 9A4C3ED928314447001960FF /* Main.storyboard */; };
		9A4C3EDF2831469B001960FF /* MainViewController.swift in Sources */ = {isa = PBXBuildFile; fileRef = 9A4C3EDE2831469B001960FF /* MainViewController.swift */; };
		9A4C3EE128314907001960FF /* MainTabBarController.swift in Sources */ = {isa = PBXBuildFile; fileRef = 9A4C3EE028314907001960FF /* MainTabBarController.swift */; };
		9A4C3EE4283213C0001960FF /* FoodUnionSupplementsTableViewCell.swift in Sources */ = {isa = PBXBuildFile; fileRef = 9A4C3EE2283213BF001960FF /* FoodUnionSupplementsTableViewCell.swift */; };
		9A4C3EE5283213C0001960FF /* FoodUnionSupplementsTableViewCell.xib in Resources */ = {isa = PBXBuildFile; fileRef = 9A4C3EE3283213C0001960FF /* FoodUnionSupplementsTableViewCell.xib */; };
		9A4C3EE8283219BB001960FF /* UnionAnalysisTableViewCell.swift in Sources */ = {isa = PBXBuildFile; fileRef = 9A4C3EE6283219BB001960FF /* UnionAnalysisTableViewCell.swift */; };
		9A4C3EE9283219BB001960FF /* UnionAnalysisTableViewCell.xib in Resources */ = {isa = PBXBuildFile; fileRef = 9A4C3EE7283219BB001960FF /* UnionAnalysisTableViewCell.xib */; };
		9A4C3EEC28321DD1001960FF /* HotNewsTableViewCell.swift in Sources */ = {isa = PBXBuildFile; fileRef = 9A4C3EEA28321DD1001960FF /* HotNewsTableViewCell.swift */; };
		9A4C3EED28321DD1001960FF /* HotNewsTableViewCell.xib in Resources */ = {isa = PBXBuildFile; fileRef = 9A4C3EEB28321DD1001960FF /* HotNewsTableViewCell.xib */; };
		9A4C3EF328322082001960FF /* AddCollectionViewCell.swift in Sources */ = {isa = PBXBuildFile; fileRef = 9A4C3EF128322082001960FF /* AddCollectionViewCell.swift */; };
		9A4C3EF428322082001960FF /* AddCollectionViewCell.xib in Resources */ = {isa = PBXBuildFile; fileRef = 9A4C3EF228322082001960FF /* AddCollectionViewCell.xib */; };
		9A4C3EF6283230F0001960FF /* FoodUnionSupplements.storyboard in Resources */ = {isa = PBXBuildFile; fileRef = 9A4C3EF5283230F0001960FF /* FoodUnionSupplements.storyboard */; };
		9A4C3EF928324113001960FF /* UIColor.swift in Sources */ = {isa = PBXBuildFile; fileRef = 9A4C3EF828324113001960FF /* UIColor.swift */; };
		9A4C3EFB283243BC001960FF /* ProductListViewController.swift in Sources */ = {isa = PBXBuildFile; fileRef = 9A4C3EFA283243BC001960FF /* ProductListViewController.swift */; };
		9A4C3EFD28324510001960FF /* CustomTabBarCell.swift in Sources */ = {isa = PBXBuildFile; fileRef = 9A4C3EFC28324510001960FF /* CustomTabBarCell.swift */; };
/* End PBXBuildFile section */

/* Begin PBXFileReference section */
		236BFF1A4EB20C3659E90B47 /* Pods_dietaryMedicine.framework */ = {isa = PBXFileReference; explicitFileType = wrapper.framework; includeInIndex = 0; path = Pods_dietaryMedicine.framework; sourceTree = BUILT_PRODUCTS_DIR; };
		7E8778B6256CBDCC52975E3A /* Pods-dietaryMedicine.release.xcconfig */ = {isa = PBXFileReference; includeInIndex = 1; lastKnownFileType = text.xcconfig; name = "Pods-dietaryMedicine.release.xcconfig"; path = "Target Support Files/Pods-dietaryMedicine/Pods-dietaryMedicine.release.xcconfig"; sourceTree = "<group>"; };
		84F2FEAB2833261B00AA927B /* AddTableViewCell.swift */ = {isa = PBXFileReference; lastKnownFileType = sourcecode.swift; path = AddTableViewCell.swift; sourceTree = "<group>"; };
		84F2FEAC2833261B00AA927B /* AddTableViewCell.xib */ = {isa = PBXFileReference; lastKnownFileType = file.xib; path = AddTableViewCell.xib; sourceTree = "<group>"; };
		84F2FEAF283327ED00AA927B /* FoodViewController.swift */ = {isa = PBXFileReference; lastKnownFileType = sourcecode.swift; path = FoodViewController.swift; sourceTree = "<group>"; };
		84F2FEB12833294100AA927B /* SupplementsViewController.swift */ = {isa = PBXFileReference; lastKnownFileType = sourcecode.swift; path = SupplementsViewController.swift; sourceTree = "<group>"; };
		84F2FEB328332A4C00AA927B /* AddHashTagCollectionViewCell.swift */ = {isa = PBXFileReference; lastKnownFileType = sourcecode.swift; path = AddHashTagCollectionViewCell.swift; sourceTree = "<group>"; };
		84F2FEB428332A4C00AA927B /* AddHashTagCollectionViewCell.xib */ = {isa = PBXFileReference; lastKnownFileType = file.xib; path = AddHashTagCollectionViewCell.xib; sourceTree = "<group>"; };
		84F2FEB728335DE400AA927B /* ItemDetailViewController.swift */ = {isa = PBXFileReference; lastKnownFileType = sourcecode.swift; path = ItemDetailViewController.swift; sourceTree = "<group>"; };
		9A4C3EC228313B2E001960FF /* dietaryMedicine.app */ = {isa = PBXFileReference; explicitFileType = wrapper.application; includeInIndex = 0; path = dietaryMedicine.app; sourceTree = BUILT_PRODUCTS_DIR; };
		9A4C3EC528313B2E001960FF /* AppDelegate.swift */ = {isa = PBXFileReference; lastKnownFileType = sourcecode.swift; path = AppDelegate.swift; sourceTree = "<group>"; };
		9A4C3EC728313B2E001960FF /* SceneDelegate.swift */ = {isa = PBXFileReference; lastKnownFileType = sourcecode.swift; path = SceneDelegate.swift; sourceTree = "<group>"; };
		9A4C3EC928313B2E001960FF /* LoginViewController.swift */ = {isa = PBXFileReference; lastKnownFileType = sourcecode.swift; path = LoginViewController.swift; sourceTree = "<group>"; };
		9A4C3ECC28313B2E001960FF /* Base */ = {isa = PBXFileReference; lastKnownFileType = file.storyboard; name = Base; path = Base.lproj/Login.storyboard; sourceTree = "<group>"; };
		9A4C3ECE28313B30001960FF /* Assets.xcassets */ = {isa = PBXFileReference; lastKnownFileType = folder.assetcatalog; path = Assets.xcassets; sourceTree = "<group>"; };
		9A4C3ED128313B30001960FF /* Base */ = {isa = PBXFileReference; lastKnownFileType = file.storyboard; name = Base; path = Base.lproj/LaunchScreen.storyboard; sourceTree = "<group>"; };
		9A4C3ED328313B30001960FF /* Info.plist */ = {isa = PBXFileReference; lastKnownFileType = text.plist.xml; path = Info.plist; sourceTree = "<group>"; };
		9A4C3ED928314447001960FF /* Main.storyboard */ = {isa = PBXFileReference; lastKnownFileType = file.storyboard; path = Main.storyboard; sourceTree = "<group>"; };
		9A4C3EDE2831469B001960FF /* MainViewController.swift */ = {isa = PBXFileReference; lastKnownFileType = sourcecode.swift; path = MainViewController.swift; sourceTree = "<group>"; };
		9A4C3EE028314907001960FF /* MainTabBarController.swift */ = {isa = PBXFileReference; lastKnownFileType = sourcecode.swift; path = MainTabBarController.swift; sourceTree = "<group>"; };
		9A4C3EE2283213BF001960FF /* FoodUnionSupplementsTableViewCell.swift */ = {isa = PBXFileReference; lastKnownFileType = sourcecode.swift; path = FoodUnionSupplementsTableViewCell.swift; sourceTree = "<group>"; };
		9A4C3EE3283213C0001960FF /* FoodUnionSupplementsTableViewCell.xib */ = {isa = PBXFileReference; lastKnownFileType = file.xib; path = FoodUnionSupplementsTableViewCell.xib; sourceTree = "<group>"; };
		9A4C3EE6283219BB001960FF /* UnionAnalysisTableViewCell.swift */ = {isa = PBXFileReference; lastKnownFileType = sourcecode.swift; path = UnionAnalysisTableViewCell.swift; sourceTree = "<group>"; };
		9A4C3EE7283219BB001960FF /* UnionAnalysisTableViewCell.xib */ = {isa = PBXFileReference; lastKnownFileType = file.xib; path = UnionAnalysisTableViewCell.xib; sourceTree = "<group>"; };
		9A4C3EEA28321DD1001960FF /* HotNewsTableViewCell.swift */ = {isa = PBXFileReference; lastKnownFileType = sourcecode.swift; path = HotNewsTableViewCell.swift; sourceTree = "<group>"; };
		9A4C3EEB28321DD1001960FF /* HotNewsTableViewCell.xib */ = {isa = PBXFileReference; lastKnownFileType = file.xib; path = HotNewsTableViewCell.xib; sourceTree = "<group>"; };
		9A4C3EF128322082001960FF /* AddCollectionViewCell.swift */ = {isa = PBXFileReference; lastKnownFileType = sourcecode.swift; path = AddCollectionViewCell.swift; sourceTree = "<group>"; };
		9A4C3EF228322082001960FF /* AddCollectionViewCell.xib */ = {isa = PBXFileReference; lastKnownFileType = file.xib; path = AddCollectionViewCell.xib; sourceTree = "<group>"; };
		9A4C3EF5283230F0001960FF /* FoodUnionSupplements.storyboard */ = {isa = PBXFileReference; lastKnownFileType = file.storyboard; path = FoodUnionSupplements.storyboard; sourceTree = "<group>"; };
		9A4C3EF828324113001960FF /* UIColor.swift */ = {isa = PBXFileReference; lastKnownFileType = sourcecode.swift; path = UIColor.swift; sourceTree = "<group>"; };
		9A4C3EFA283243BC001960FF /* ProductListViewController.swift */ = {isa = PBXFileReference; lastKnownFileType = sourcecode.swift; path = ProductListViewController.swift; sourceTree = "<group>"; };
		9A4C3EFC28324510001960FF /* CustomTabBarCell.swift */ = {isa = PBXFileReference; lastKnownFileType = sourcecode.swift; path = CustomTabBarCell.swift; sourceTree = "<group>"; };
		B5D6626179DC6AFC862A1D3D /* Pods-dietaryMedicine.debug.xcconfig */ = {isa = PBXFileReference; includeInIndex = 1; lastKnownFileType = text.xcconfig; name = "Pods-dietaryMedicine.debug.xcconfig"; path = "Target Support Files/Pods-dietaryMedicine/Pods-dietaryMedicine.debug.xcconfig"; sourceTree = "<group>"; };
/* End PBXFileReference section */

/* Begin PBXFrameworksBuildPhase section */
		9A4C3EBF28313B2E001960FF /* Frameworks */ = {
			isa = PBXFrameworksBuildPhase;
			buildActionMask = 2147483647;
			files = (
				46DA1F5EC6ABEF7747217A94 /* Pods_dietaryMedicine.framework in Frameworks */,
			);
			runOnlyForDeploymentPostprocessing = 0;
		};
/* End PBXFrameworksBuildPhase section */

/* Begin PBXGroup section */
		67ECEF52873234845C31EE5B /* Frameworks */ = {
			isa = PBXGroup;
			children = (
				236BFF1A4EB20C3659E90B47 /* Pods_dietaryMedicine.framework */,
			);
			name = Frameworks;
			sourceTree = "<group>";
		};
		6D966069483B9A34FB873720 /* Pods */ = {
			isa = PBXGroup;
			children = (
				B5D6626179DC6AFC862A1D3D /* Pods-dietaryMedicine.debug.xcconfig */,
				7E8778B6256CBDCC52975E3A /* Pods-dietaryMedicine.release.xcconfig */,
			);
			path = Pods;
			sourceTree = "<group>";
		};
		8446636A2835E3840085E2D7 /* Main */ = {
			isa = PBXGroup;
			children = (
				9A4C3EEE2832202C001960FF /* FoodUnionSupplements */,
				9A4C3EEF28322039001960FF /* UnionAnalysis */,
				9A4C3EF028322043001960FF /* HotNews */,
			);
			path = Main;
			sourceTree = "<group>";
		};
		84F2FEAA283325F100AA927B /* Add */ = {
			isa = PBXGroup;
			children = (
				84F2FEAB2833261B00AA927B /* AddTableViewCell.swift */,
				84F2FEAC2833261B00AA927B /* AddTableViewCell.xib */,
				84F2FEB328332A4C00AA927B /* AddHashTagCollectionViewCell.swift */,
				84F2FEB428332A4C00AA927B /* AddHashTagCollectionViewCell.xib */,
			);
			path = Add;
			sourceTree = "<group>";
		};
		9A4C3EB928313B2E001960FF = {
			isa = PBXGroup;
			children = (
				9A4C3EC428313B2E001960FF /* dietaryMedicine */,
				9A4C3EC328313B2E001960FF /* Products */,
				6D966069483B9A34FB873720 /* Pods */,
				67ECEF52873234845C31EE5B /* Frameworks */,
			);
			sourceTree = "<group>";
		};
		9A4C3EC328313B2E001960FF /* Products */ = {
			isa = PBXGroup;
			children = (
				9A4C3EC228313B2E001960FF /* dietaryMedicine.app */,
			);
			name = Products;
			sourceTree = "<group>";
		};
		9A4C3EC428313B2E001960FF /* dietaryMedicine */ = {
			isa = PBXGroup;
			children = (
				9A4C3EF72832405B001960FF /* Extension */,
				9A4C3EDD28314661001960FF /* View */,
				9A4C3EDC28314645001960FF /* ViewModel */,
				9A4C3EDB2831463D001960FF /* Model */,
				9A4C3EC528313B2E001960FF /* AppDelegate.swift */,
				9A4C3EC728313B2E001960FF /* SceneDelegate.swift */,
				9A4C3EC928313B2E001960FF /* LoginViewController.swift */,
				9A4C3ECB28313B2E001960FF /* Login.storyboard */,
				9A4C3ECE28313B30001960FF /* Assets.xcassets */,
				9A4C3ED028313B30001960FF /* LaunchScreen.storyboard */,
				9A4C3ED328313B30001960FF /* Info.plist */,
				9A4C3ED928314447001960FF /* Main.storyboard */,
				9A4C3EDE2831469B001960FF /* MainViewController.swift */,
				9A4C3EE028314907001960FF /* MainTabBarController.swift */,
			);
			path = dietaryMedicine;
			sourceTree = "<group>";
		};
		9A4C3EDB2831463D001960FF /* Model */ = {
			isa = PBXGroup;
			children = (
			);
			path = Model;
			sourceTree = "<group>";
		};
		9A4C3EDC28314645001960FF /* ViewModel */ = {
			isa = PBXGroup;
			children = (
			);
			path = ViewModel;
			sourceTree = "<group>";
		};
		9A4C3EDD28314661001960FF /* View */ = {
			isa = PBXGroup;
			children = (
				8446636A2835E3840085E2D7 /* Main */,
			);
			path = View;
			sourceTree = "<group>";
		};
		9A4C3EEE2832202C001960FF /* FoodUnionSupplements */ = {
			isa = PBXGroup;
			children = (
				9A4C3EE2283213BF001960FF /* FoodUnionSupplementsTableViewCell.swift */,
				9A4C3EE3283213C0001960FF /* FoodUnionSupplementsTableViewCell.xib */,
				9A4C3EF128322082001960FF /* AddCollectionViewCell.swift */,
				9A4C3EF228322082001960FF /* AddCollectionViewCell.xib */,
				84F2FEAA283325F100AA927B /* Add */,
				9A4C3EF5283230F0001960FF /* FoodUnionSupplements.storyboard */,
				9A4C3EFC28324510001960FF /* CustomTabBarCell.swift */,
				9A4C3EFA283243BC001960FF /* ProductListViewController.swift */,
				84F2FEAF283327ED00AA927B /* FoodViewController.swift */,
				84F2FEB12833294100AA927B /* SupplementsViewController.swift */,
				84F2FEB728335DE400AA927B /* ItemDetailViewController.swift */,
			);
			path = FoodUnionSupplements;
			sourceTree = "<group>";
		};
		9A4C3EEF28322039001960FF /* UnionAnalysis */ = {
			isa = PBXGroup;
			children = (
				9A4C3EE6283219BB001960FF /* UnionAnalysisTableViewCell.swift */,
				9A4C3EE7283219BB001960FF /* UnionAnalysisTableViewCell.xib */,
			);
			path = UnionAnalysis;
			sourceTree = "<group>";
		};
		9A4C3EF028322043001960FF /* HotNews */ = {
			isa = PBXGroup;
			children = (
				9A4C3EEA28321DD1001960FF /* HotNewsTableViewCell.swift */,
				9A4C3EEB28321DD1001960FF /* HotNewsTableViewCell.xib */,
			);
			path = HotNews;
			sourceTree = "<group>";
		};
		9A4C3EF72832405B001960FF /* Extension */ = {
			isa = PBXGroup;
			children = (
				9A4C3EF828324113001960FF /* UIColor.swift */,
			);
			path = Extension;
			sourceTree = "<group>";
		};
/* End PBXGroup section */

/* Begin PBXNativeTarget section */
		9A4C3EC128313B2E001960FF /* dietaryMedicine */ = {
			isa = PBXNativeTarget;
			buildConfigurationList = 9A4C3ED628313B30001960FF /* Build configuration list for PBXNativeTarget "dietaryMedicine" */;
			buildPhases = (
				EE8FE6083429DACF91AE9501 /* [CP] Check Pods Manifest.lock */,
				9A4C3EBE28313B2E001960FF /* Sources */,
				9A4C3EBF28313B2E001960FF /* Frameworks */,
				9A4C3EC028313B2E001960FF /* Resources */,
				91AA9718F80A76C8920F011C /* [CP] Embed Pods Frameworks */,
			);
			buildRules = (
			);
			dependencies = (
			);
			name = dietaryMedicine;
			productName = dietaryMedicine;
			productReference = 9A4C3EC228313B2E001960FF /* dietaryMedicine.app */;
			productType = "com.apple.product-type.application";
		};
/* End PBXNativeTarget section */

/* Begin PBXProject section */
		9A4C3EBA28313B2E001960FF /* Project object */ = {
			isa = PBXProject;
			attributes = {
				BuildIndependentTargetsInParallel = 1;
				LastSwiftUpdateCheck = 1330;
				LastUpgradeCheck = 1330;
				TargetAttributes = {
					9A4C3EC128313B2E001960FF = {
						CreatedOnToolsVersion = 13.3;
					};
				};
			};
			buildConfigurationList = 9A4C3EBD28313B2E001960FF /* Build configuration list for PBXProject "dietaryMedicine" */;
			compatibilityVersion = "Xcode 12.0";
			developmentRegion = en;
			hasScannedForEncodings = 0;
			knownRegions = (
				en,
				Base,
			);
			mainGroup = 9A4C3EB928313B2E001960FF;
			productRefGroup = 9A4C3EC328313B2E001960FF /* Products */;
			projectDirPath = "";
			projectRoot = "";
			targets = (
				9A4C3EC128313B2E001960FF /* dietaryMedicine */,
			);
		};
/* End PBXProject section */

/* Begin PBXResourcesBuildPhase section */
		9A4C3EC028313B2E001960FF /* Resources */ = {
			isa = PBXResourcesBuildPhase;
			buildActionMask = 2147483647;
			files = (
				9A4C3EED28321DD1001960FF /* HotNewsTableViewCell.xib in Resources */,
				9A4C3ED228313B30001960FF /* LaunchScreen.storyboard in Resources */,
				9A4C3EF428322082001960FF /* AddCollectionViewCell.xib in Resources */,
				9A4C3ECF28313B30001960FF /* Assets.xcassets in Resources */,
				9A4C3EF6283230F0001960FF /* FoodUnionSupplements.storyboard in Resources */,
				84F2FEB628332A4C00AA927B /* AddHashTagCollectionViewCell.xib in Resources */,
				9A4C3ECD28313B2E001960FF /* Login.storyboard in Resources */,
				9A4C3EE5283213C0001960FF /* FoodUnionSupplementsTableViewCell.xib in Resources */,
				84F2FEAE2833261B00AA927B /* AddTableViewCell.xib in Resources */,
				9A4C3EDA28314447001960FF /* Main.storyboard in Resources */,
				9A4C3EE9283219BB001960FF /* UnionAnalysisTableViewCell.xib in Resources */,
			);
			runOnlyForDeploymentPostprocessing = 0;
		};
/* End PBXResourcesBuildPhase section */

/* Begin PBXShellScriptBuildPhase section */
		91AA9718F80A76C8920F011C /* [CP] Embed Pods Frameworks */ = {
			isa = PBXShellScriptBuildPhase;
			buildActionMask = 2147483647;
			files = (
			);
			inputFileListPaths = (
				"${PODS_ROOT}/Target Support Files/Pods-dietaryMedicine/Pods-dietaryMedicine-frameworks-${CONFIGURATION}-input-files.xcfilelist",
			);
			name = "[CP] Embed Pods Frameworks";
			outputFileListPaths = (
				"${PODS_ROOT}/Target Support Files/Pods-dietaryMedicine/Pods-dietaryMedicine-frameworks-${CONFIGURATION}-output-files.xcfilelist",
			);
			runOnlyForDeploymentPostprocessing = 0;
			shellPath = /bin/sh;
			shellScript = "\"${PODS_ROOT}/Target Support Files/Pods-dietaryMedicine/Pods-dietaryMedicine-frameworks.sh\"\n";
			showEnvVarsInLog = 0;
		};
		EE8FE6083429DACF91AE9501 /* [CP] Check Pods Manifest.lock */ = {
			isa = PBXShellScriptBuildPhase;
			buildActionMask = 2147483647;
			files = (
			);
			inputFileListPaths = (
			);
			inputPaths = (
				"${PODS_PODFILE_DIR_PATH}/Podfile.lock",
				"${PODS_ROOT}/Manifest.lock",
			);
			name = "[CP] Check Pods Manifest.lock";
			outputFileListPaths = (
			);
			outputPaths = (
				"$(DERIVED_FILE_DIR)/Pods-dietaryMedicine-checkManifestLockResult.txt",
			);
			runOnlyForDeploymentPostprocessing = 0;
			shellPath = /bin/sh;
			shellScript = "diff \"${PODS_PODFILE_DIR_PATH}/Podfile.lock\" \"${PODS_ROOT}/Manifest.lock\" > /dev/null\nif [ $? != 0 ] ; then\n    # print error to STDERR\n    echo \"error: The sandbox is not in sync with the Podfile.lock. Run 'pod install' or update your CocoaPods installation.\" >&2\n    exit 1\nfi\n# This output is used by Xcode 'outputs' to avoid re-running this script phase.\necho \"SUCCESS\" > \"${SCRIPT_OUTPUT_FILE_0}\"\n";
			showEnvVarsInLog = 0;
		};
/* End PBXShellScriptBuildPhase section */

/* Begin PBXSourcesBuildPhase section */
		9A4C3EBE28313B2E001960FF /* Sources */ = {
			isa = PBXSourcesBuildPhase;
			buildActionMask = 2147483647;
			files = (
				9A4C3EEC28321DD1001960FF /* HotNewsTableViewCell.swift in Sources */,
				9A4C3ECA28313B2E001960FF /* LoginViewController.swift in Sources */,
				9A4C3EC628313B2E001960FF /* AppDelegate.swift in Sources */,
				84F2FEAD2833261B00AA927B /* AddTableViewCell.swift in Sources */,
				9A4C3EE8283219BB001960FF /* UnionAnalysisTableViewCell.swift in Sources */,
				84F2FEB528332A4C00AA927B /* AddHashTagCollectionViewCell.swift in Sources */,
				9A4C3EE128314907001960FF /* MainTabBarController.swift in Sources */,
				84F2FEB22833294100AA927B /* SupplementsViewController.swift in Sources */,
				9A4C3EC828313B2E001960FF /* SceneDelegate.swift in Sources */,
				9A4C3EF328322082001960FF /* AddCollectionViewCell.swift in Sources */,
				84F2FEB0283327ED00AA927B /* FoodViewController.swift in Sources */,
				9A4C3EE4283213C0001960FF /* FoodUnionSupplementsTableViewCell.swift in Sources */,
				84F2FEB828335DE400AA927B /* ItemDetailViewController.swift in Sources */,
				9A4C3EFD28324510001960FF /* CustomTabBarCell.swift in Sources */,
				9A4C3EDF2831469B001960FF /* MainViewController.swift in Sources */,
				9A4C3EFB283243BC001960FF /* ProductListViewController.swift in Sources */,
				9A4C3EF928324113001960FF /* UIColor.swift in Sources */,
			);
			runOnlyForDeploymentPostprocessing = 0;
		};
/* End PBXSourcesBuildPhase section */

/* Begin PBXVariantGroup section */
		9A4C3ECB28313B2E001960FF /* Login.storyboard */ = {
			isa = PBXVariantGroup;
			children = (
				9A4C3ECC28313B2E001960FF /* Base */,
			);
			name = Login.storyboard;
			sourceTree = "<group>";
		};
		9A4C3ED028313B30001960FF /* LaunchScreen.storyboard */ = {
			isa = PBXVariantGroup;
			children = (
				9A4C3ED128313B30001960FF /* Base */,
			);
			name = LaunchScreen.storyboard;
			sourceTree = "<group>";
		};
/* End PBXVariantGroup section */

/* Begin XCBuildConfiguration section */
		9A4C3ED428313B30001960FF /* Debug */ = {
			isa = XCBuildConfiguration;
			buildSettings = {
				ALWAYS_SEARCH_USER_PATHS = NO;
				CLANG_ANALYZER_NONNULL = YES;
				CLANG_ANALYZER_NUMBER_OBJECT_CONVERSION = YES_AGGRESSIVE;
				CLANG_CXX_LANGUAGE_STANDARD = "gnu++17";
				CLANG_ENABLE_MODULES = YES;
				CLANG_ENABLE_OBJC_ARC = YES;
				CLANG_ENABLE_OBJC_WEAK = YES;
				CLANG_WARN_BLOCK_CAPTURE_AUTORELEASING = YES;
				CLANG_WARN_BOOL_CONVERSION = YES;
				CLANG_WARN_COMMA = YES;
				CLANG_WARN_CONSTANT_CONVERSION = YES;
				CLANG_WARN_DEPRECATED_OBJC_IMPLEMENTATIONS = YES;
				CLANG_WARN_DIRECT_OBJC_ISA_USAGE = YES_ERROR;
				CLANG_WARN_DOCUMENTATION_COMMENTS = YES;
				CLANG_WARN_EMPTY_BODY = YES;
				CLANG_WARN_ENUM_CONVERSION = YES;
				CLANG_WARN_INFINITE_RECURSION = YES;
				CLANG_WARN_INT_CONVERSION = YES;
				CLANG_WARN_NON_LITERAL_NULL_CONVERSION = YES;
				CLANG_WARN_OBJC_IMPLICIT_RETAIN_SELF = YES;
				CLANG_WARN_OBJC_LITERAL_CONVERSION = YES;
				CLANG_WARN_OBJC_ROOT_CLASS = YES_ERROR;
				CLANG_WARN_QUOTED_INCLUDE_IN_FRAMEWORK_HEADER = YES;
				CLANG_WARN_RANGE_LOOP_ANALYSIS = YES;
				CLANG_WARN_STRICT_PROTOTYPES = YES;
				CLANG_WARN_SUSPICIOUS_MOVE = YES;
				CLANG_WARN_UNGUARDED_AVAILABILITY = YES_AGGRESSIVE;
				CLANG_WARN_UNREACHABLE_CODE = YES;
				CLANG_WARN__DUPLICATE_METHOD_MATCH = YES;
				COPY_PHASE_STRIP = NO;
				DEBUG_INFORMATION_FORMAT = dwarf;
				ENABLE_STRICT_OBJC_MSGSEND = YES;
				ENABLE_TESTABILITY = YES;
				GCC_C_LANGUAGE_STANDARD = gnu11;
				GCC_DYNAMIC_NO_PIC = NO;
				GCC_NO_COMMON_BLOCKS = YES;
				GCC_OPTIMIZATION_LEVEL = 0;
				GCC_PREPROCESSOR_DEFINITIONS = (
					"DEBUG=1",
					"$(inherited)",
				);
				GCC_WARN_64_TO_32_BIT_CONVERSION = YES;
				GCC_WARN_ABOUT_RETURN_TYPE = YES_ERROR;
				GCC_WARN_UNDECLARED_SELECTOR = YES;
				GCC_WARN_UNINITIALIZED_AUTOS = YES_AGGRESSIVE;
				GCC_WARN_UNUSED_FUNCTION = YES;
				GCC_WARN_UNUSED_VARIABLE = YES;
				IPHONEOS_DEPLOYMENT_TARGET = 14.0;
				MTL_ENABLE_DEBUG_INFO = INCLUDE_SOURCE;
				MTL_FAST_MATH = YES;
				ONLY_ACTIVE_ARCH = YES;
				SDKROOT = iphoneos;
				SWIFT_ACTIVE_COMPILATION_CONDITIONS = DEBUG;
				SWIFT_OPTIMIZATION_LEVEL = "-Onone";
			};
			name = Debug;
		};
		9A4C3ED528313B30001960FF /* Release */ = {
			isa = XCBuildConfiguration;
			buildSettings = {
				ALWAYS_SEARCH_USER_PATHS = NO;
				CLANG_ANALYZER_NONNULL = YES;
				CLANG_ANALYZER_NUMBER_OBJECT_CONVERSION = YES_AGGRESSIVE;
				CLANG_CXX_LANGUAGE_STANDARD = "gnu++17";
				CLANG_ENABLE_MODULES = YES;
				CLANG_ENABLE_OBJC_ARC = YES;
				CLANG_ENABLE_OBJC_WEAK = YES;
				CLANG_WARN_BLOCK_CAPTURE_AUTORELEASING = YES;
				CLANG_WARN_BOOL_CONVERSION = YES;
				CLANG_WARN_COMMA = YES;
				CLANG_WARN_CONSTANT_CONVERSION = YES;
				CLANG_WARN_DEPRECATED_OBJC_IMPLEMENTATIONS = YES;
				CLANG_WARN_DIRECT_OBJC_ISA_USAGE = YES_ERROR;
				CLANG_WARN_DOCUMENTATION_COMMENTS = YES;
				CLANG_WARN_EMPTY_BODY = YES;
				CLANG_WARN_ENUM_CONVERSION = YES;
				CLANG_WARN_INFINITE_RECURSION = YES;
				CLANG_WARN_INT_CONVERSION = YES;
				CLANG_WARN_NON_LITERAL_NULL_CONVERSION = YES;
				CLANG_WARN_OBJC_IMPLICIT_RETAIN_SELF = YES;
				CLANG_WARN_OBJC_LITERAL_CONVERSION = YES;
				CLANG_WARN_OBJC_ROOT_CLASS = YES_ERROR;
				CLANG_WARN_QUOTED_INCLUDE_IN_FRAMEWORK_HEADER = YES;
				CLANG_WARN_RANGE_LOOP_ANALYSIS = YES;
				CLANG_WARN_STRICT_PROTOTYPES = YES;
				CLANG_WARN_SUSPICIOUS_MOVE = YES;
				CLANG_WARN_UNGUARDED_AVAILABILITY = YES_AGGRESSIVE;
				CLANG_WARN_UNREACHABLE_CODE = YES;
				CLANG_WARN__DUPLICATE_METHOD_MATCH = YES;
				COPY_PHASE_STRIP = NO;
				DEBUG_INFORMATION_FORMAT = "dwarf-with-dsym";
				ENABLE_NS_ASSERTIONS = NO;
				ENABLE_STRICT_OBJC_MSGSEND = YES;
				GCC_C_LANGUAGE_STANDARD = gnu11;
				GCC_NO_COMMON_BLOCKS = YES;
				GCC_WARN_64_TO_32_BIT_CONVERSION = YES;
				GCC_WARN_ABOUT_RETURN_TYPE = YES_ERROR;
				GCC_WARN_UNDECLARED_SELECTOR = YES;
				GCC_WARN_UNINITIALIZED_AUTOS = YES_AGGRESSIVE;
				GCC_WARN_UNUSED_FUNCTION = YES;
				GCC_WARN_UNUSED_VARIABLE = YES;
				IPHONEOS_DEPLOYMENT_TARGET = 14.0;
				MTL_ENABLE_DEBUG_INFO = NO;
				MTL_FAST_MATH = YES;
				SDKROOT = iphoneos;
				SWIFT_COMPILATION_MODE = wholemodule;
				SWIFT_OPTIMIZATION_LEVEL = "-O";
				VALIDATE_PRODUCT = YES;
			};
			name = Release;
		};
		9A4C3ED728313B30001960FF /* Debug */ = {
			isa = XCBuildConfiguration;
			baseConfigurationReference = B5D6626179DC6AFC862A1D3D /* Pods-dietaryMedicine.debug.xcconfig */;
			buildSettings = {
				ASSETCATALOG_COMPILER_APPICON_NAME = AppIcon;
				ASSETCATALOG_COMPILER_GLOBAL_ACCENT_COLOR_NAME = AccentColor;
				CODE_SIGN_STYLE = Automatic;
				CURRENT_PROJECT_VERSION = 1;
				DEVELOPMENT_TEAM = K82D89RA5U;
				GENERATE_INFOPLIST_FILE = YES;
				INFOPLIST_FILE = dietaryMedicine/Info.plist;
				INFOPLIST_KEY_NSMainNibFile = Login;
				INFOPLIST_KEY_UIApplicationSupportsIndirectInputEvents = YES;
				INFOPLIST_KEY_UILaunchStoryboardName = LaunchScreen;
				INFOPLIST_KEY_UISupportedInterfaceOrientations_iPad = "UIInterfaceOrientationPortrait UIInterfaceOrientationPortraitUpsideDown UIInterfaceOrientationLandscapeLeft UIInterfaceOrientationLandscapeRight";
				INFOPLIST_KEY_UISupportedInterfaceOrientations_iPhone = "UIInterfaceOrientationPortrait UIInterfaceOrientationLandscapeLeft UIInterfaceOrientationLandscapeRight";
				LD_RUNPATH_SEARCH_PATHS = (
					"$(inherited)",
					"@executable_path/Frameworks",
				);
				MARKETING_VERSION = 1.0;
				PRODUCT_BUNDLE_IDENTIFIER = arob6.dietaryMedicine;
				PRODUCT_NAME = "$(TARGET_NAME)";
				SWIFT_EMIT_LOC_STRINGS = YES;
				SWIFT_VERSION = 5.0;
				TARGETED_DEVICE_FAMILY = "1,2";
			};
			name = Debug;
		};
		9A4C3ED828313B30001960FF /* Release */ = {
			isa = XCBuildConfiguration;
			baseConfigurationReference = 7E8778B6256CBDCC52975E3A /* Pods-dietaryMedicine.release.xcconfig */;
			buildSettings = {
				ASSETCATALOG_COMPILER_APPICON_NAME = AppIcon;
				ASSETCATALOG_COMPILER_GLOBAL_ACCENT_COLOR_NAME = AccentColor;
				CODE_SIGN_STYLE = Automatic;
				CURRENT_PROJECT_VERSION = 1;
				DEVELOPMENT_TEAM = K82D89RA5U;
				GENERATE_INFOPLIST_FILE = YES;
				INFOPLIST_FILE = dietaryMedicine/Info.plist;
				INFOPLIST_KEY_NSMainNibFile = Login;
				INFOPLIST_KEY_UIApplicationSupportsIndirectInputEvents = YES;
				INFOPLIST_KEY_UILaunchStoryboardName = LaunchScreen;
				INFOPLIST_KEY_UISupportedInterfaceOrientations_iPad = "UIInterfaceOrientationPortrait UIInterfaceOrientationPortraitUpsideDown UIInterfaceOrientationLandscapeLeft UIInterfaceOrientationLandscapeRight";
				INFOPLIST_KEY_UISupportedInterfaceOrientations_iPhone = "UIInterfaceOrientationPortrait UIInterfaceOrientationLandscapeLeft UIInterfaceOrientationLandscapeRight";
				LD_RUNPATH_SEARCH_PATHS = (
					"$(inherited)",
					"@executable_path/Frameworks",
				);
				MARKETING_VERSION = 1.0;
				PRODUCT_BUNDLE_IDENTIFIER = arob6.dietaryMedicine;
				PRODUCT_NAME = "$(TARGET_NAME)";
				SWIFT_EMIT_LOC_STRINGS = YES;
				SWIFT_VERSION = 5.0;
				TARGETED_DEVICE_FAMILY = "1,2";
			};
			name = Release;
		};
/* End XCBuildConfiguration section */

/* Begin XCConfigurationList section */
		9A4C3EBD28313B2E001960FF /* Build configuration list for PBXProject "dietaryMedicine" */ = {
			isa = XCConfigurationList;
			buildConfigurations = (
				9A4C3ED428313B30001960FF /* Debug */,
				9A4C3ED528313B30001960FF /* Release */,
			);
			defaultConfigurationIsVisible = 0;
			defaultConfigurationName = Release;
		};
		9A4C3ED628313B30001960FF /* Build configuration list for PBXNativeTarget "dietaryMedicine" */ = {
			isa = XCConfigurationList;
			buildConfigurations = (
				9A4C3ED728313B30001960FF /* Debug */,
				9A4C3ED828313B30001960FF /* Release */,
			);
			defaultConfigurationIsVisible = 0;
			defaultConfigurationName = Release;
		};
/* End XCConfigurationList section */
	};
	rootObject = 9A4C3EBA28313B2E001960FF /* Project object */;
}
