// !$*UTF8*$!
{
	archiveVersion = 1;
	classes = {
	};
	objectVersion = 54;
	objects = {

/* Begin PBXBuildFile section */
		46DA1F5EC6ABEF7747217A94 /* Pods_dietaryMedicine.framework in Frameworks */ = {isa = PBXBuildFile; fileRef = 236BFF1A4EB20C3659E90B47 /* Pods_dietaryMedicine.framework */; };
		842BFB042837561B00BC6B21 /* AnalysisTableViewCell.swift in Sources */ = {isa = PBXBuildFile; fileRef = 842BFB022837561B00BC6B21 /* AnalysisTableViewCell.swift */; };
		842BFB052837561B00BC6B21 /* AnalysisTableViewCell.xib in Resources */ = {isa = PBXBuildFile; fileRef = 842BFB032837561B00BC6B21 /* AnalysisTableViewCell.xib */; };
		842BFB082837699300BC6B21 /* NewsCollectionViewCell.swift in Sources */ = {isa = PBXBuildFile; fileRef = 842BFB062837699300BC6B21 /* NewsCollectionViewCell.swift */; };
		842BFB092837699300BC6B21 /* NewsCollectionViewCell.xib in Resources */ = {isa = PBXBuildFile; fileRef = 842BFB072837699300BC6B21 /* NewsCollectionViewCell.xib */; };
		842BFB10283DCC4700BC6B21 /* ViewDelegate.swift in Sources */ = {isa = PBXBuildFile; fileRef = 842BFB0F283DCC4700BC6B21 /* ViewDelegate.swift */; };
		842BFB12283DE58900BC6B21 /* FoodList.swift in Sources */ = {isa = PBXBuildFile; fileRef = 842BFB11283DE58900BC6B21 /* FoodList.swift */; };
		842BFB14283DE70400BC6B21 /* FoodsViewModel.swift in Sources */ = {isa = PBXBuildFile; fileRef = 842BFB13283DE70400BC6B21 /* FoodsViewModel.swift */; };
		842BFB16283DF35300BC6B21 /* UIFont.swift in Sources */ = {isa = PBXBuildFile; fileRef = 842BFB15283DF35300BC6B21 /* UIFont.swift */; };
		842BFB18283F67B800BC6B21 /* ItemDeleteViewModel.swift in Sources */ = {isa = PBXBuildFile; fileRef = 842BFB17283F67B800BC6B21 /* ItemDeleteViewModel.swift */; };
		842BFB1B2840520A00BC6B21 /* SignUpViewController.swift in Sources */ = {isa = PBXBuildFile; fileRef = 842BFB1A2840520A00BC6B21 /* SignUpViewController.swift */; };
		842BFB1D284058EC00BC6B21 /* SignUpViewModel.swift in Sources */ = {isa = PBXBuildFile; fileRef = 842BFB1C284058EC00BC6B21 /* SignUpViewModel.swift */; };
		842BFB1F2840617E00BC6B21 /* FoodUnionSupplements.storyboard in Resources */ = {isa = PBXBuildFile; fileRef = 842BFB1E2840617E00BC6B21 /* FoodUnionSupplements.storyboard */; };
		842BFB22284061F100BC6B21 /* MyPageViewController.swift in Sources */ = {isa = PBXBuildFile; fileRef = 842BFB21284061F100BC6B21 /* MyPageViewController.swift */; };
		8446636C2837126F0085E2D7 /* HashTagCollectionViewCell.xib in Resources */ = {isa = PBXBuildFile; fileRef = 8446636B2837126F0085E2D7 /* HashTagCollectionViewCell.xib */; };
		84F2FEAD2833261B00AA927B /* AddTableViewCell.swift in Sources */ = {isa = PBXBuildFile; fileRef = 84F2FEAB2833261B00AA927B /* AddTableViewCell.swift */; };
		84F2FEAE2833261B00AA927B /* AddTableViewCell.xib in Resources */ = {isa = PBXBuildFile; fileRef = 84F2FEAC2833261B00AA927B /* AddTableViewCell.xib */; };
		84F2FEB528332A4C00AA927B /* HashTagCollectionViewCell.swift in Sources */ = {isa = PBXBuildFile; fileRef = 84F2FEB328332A4C00AA927B /* HashTagCollectionViewCell.swift */; };
		84F2FEB828335DE400AA927B /* ItemDetailViewController.swift in Sources */ = {isa = PBXBuildFile; fileRef = 84F2FEB728335DE400AA927B /* ItemDetailViewController.swift */; };
		9A4C3EC628313B2E001960FF /* AppDelegate.swift in Sources */ = {isa = PBXBuildFile; fileRef = 9A4C3EC528313B2E001960FF /* AppDelegate.swift */; };
		9A4C3EC828313B2E001960FF /* SceneDelegate.swift in Sources */ = {isa = PBXBuildFile; fileRef = 9A4C3EC728313B2E001960FF /* SceneDelegate.swift */; };
		9A4C3ECA28313B2E001960FF /* LoginViewController.swift in Sources */ = {isa = PBXBuildFile; fileRef = 9A4C3EC928313B2E001960FF /* LoginViewController.swift */; };
		9A4C3ECD28313B2E001960FF /* Login.storyboard in Resources */ = {isa = PBXBuildFile; fileRef = 9A4C3ECB28313B2E001960FF /* Login.storyboard */; };
		9A4C3ECF28313B30001960FF /* Assets.xcassets in Resources */ = {isa = PBXBuildFile; fileRef = 9A4C3ECE28313B30001960FF /* Assets.xcassets */; };
		9A4C3ED228313B30001960FF /* LaunchScreen.storyboard in Resources */ = {isa = PBXBuildFile; fileRef = 9A4C3ED028313B30001960FF /* LaunchScreen.storyboard */; };
		9A4C3EDA28314447001960FF /* Main.storyboard in Resources */ = {isa = PBXBuildFile; fileRef = 9A4C3ED928314447001960FF /* Main.storyboard */; };
		9A4C3EDF2831469B001960FF /* HomeViewController.swift in Sources */ = {isa = PBXBuildFile; fileRef = 9A4C3EDE2831469B001960FF /* HomeViewController.swift */; };
		9A4C3EE128314907001960FF /* MainTabBarController.swift in Sources */ = {isa = PBXBuildFile; fileRef = 9A4C3EE028314907001960FF /* MainTabBarController.swift */; };
		9A4C3EE4283213C0001960FF /* FoodUnionSupplementsTableViewCell.swift in Sources */ = {isa = PBXBuildFile; fileRef = 9A4C3EE2283213BF001960FF /* FoodUnionSupplementsTableViewCell.swift */; };
		9A4C3EE5283213C0001960FF /* FoodUnionSupplementsTableViewCell.xib in Resources */ = {isa = PBXBuildFile; fileRef = 9A4C3EE3283213C0001960FF /* FoodUnionSupplementsTableViewCell.xib */; };
		9A4C3EE8283219BB001960FF /* UnionAnalysisTableViewCell.swift in Sources */ = {isa = PBXBuildFile; fileRef = 9A4C3EE6283219BB001960FF /* UnionAnalysisTableViewCell.swift */; };
		9A4C3EE9283219BB001960FF /* UnionAnalysisTableViewCell.xib in Resources */ = {isa = PBXBuildFile; fileRef = 9A4C3EE7283219BB001960FF /* UnionAnalysisTableViewCell.xib */; };
		9A4C3EEC28321DD1001960FF /* HotNewsTableViewCell.swift in Sources */ = {isa = PBXBuildFile; fileRef = 9A4C3EEA28321DD1001960FF /* HotNewsTableViewCell.swift */; };
		9A4C3EED28321DD1001960FF /* HotNewsTableViewCell.xib in Resources */ = {isa = PBXBuildFile; fileRef = 9A4C3EEB28321DD1001960FF /* HotNewsTableViewCell.xib */; };
		9A4C3EF328322082001960FF /* AddCollectionViewCell.swift in Sources */ = {isa = PBXBuildFile; fileRef = 9A4C3EF128322082001960FF /* AddCollectionViewCell.swift */; };
		9A4C3EF428322082001960FF /* AddCollectionViewCell.xib in Resources */ = {isa = PBXBuildFile; fileRef = 9A4C3EF228322082001960FF /* AddCollectionViewCell.xib */; };
		9A4C3EF928324113001960FF /* UIColor.swift in Sources */ = {isa = PBXBuildFile; fileRef = 9A4C3EF828324113001960FF /* UIColor.swift */; };
		9A69F1A42838D0B400FEDED6 /* AddListViewController.swift in Sources */ = {isa = PBXBuildFile; fileRef = 9A69F1A12838D0B300FEDED6 /* AddListViewController.swift */; };
		9A69F1A52838D0B400FEDED6 /* FoodViewController.swift in Sources */ = {isa = PBXBuildFile; fileRef = 9A69F1A22838D0B300FEDED6 /* FoodViewController.swift */; };
		9A69F1A62838D0B400FEDED6 /* SupplementsViewController.swift in Sources */ = {isa = PBXBuildFile; fileRef = 9A69F1A02838D0B300FEDED6 /* SupplementsViewController.swift */; };
		9A69F1AC2838D89100FEDED6 /* ApiUrl.swift in Sources */ = {isa = PBXBuildFile; fileRef = 9A69F1AB2838D89100FEDED6 /* ApiUrl.swift */; };
		9A69F1AE2838EF4900FEDED6 /* Login.swift in Sources */ = {isa = PBXBuildFile; fileRef = 9A69F1AD2838EF4900FEDED6 /* Login.swift */; };
		9A69F1B02838F04E00FEDED6 /* LoginViewModel.swift in Sources */ = {isa = PBXBuildFile; fileRef = 9A69F1AF2838F04E00FEDED6 /* LoginViewModel.swift */; };
		9A69F1B32838F3B200FEDED6 /* UtilFunction.swift in Sources */ = {isa = PBXBuildFile; fileRef = 9A69F1B22838F3B200FEDED6 /* UtilFunction.swift */; };
		9A69F1B52838F65700FEDED6 /* ViewModelProtocol.swift in Sources */ = {isa = PBXBuildFile; fileRef = 9A69F1B42838F65700FEDED6 /* ViewModelProtocol.swift */; };
		9A69F1B728393FAE00FEDED6 /* SupplementList.swift in Sources */ = {isa = PBXBuildFile; fileRef = 9A69F1B628393FAE00FEDED6 /* SupplementList.swift */; };
		9A69F1B92839404300FEDED6 /* UserDefaultsManager.swift in Sources */ = {isa = PBXBuildFile; fileRef = 9A69F1B82839404300FEDED6 /* UserDefaultsManager.swift */; };
		9A69F1BB283944F500FEDED6 /* Injection.swift in Sources */ = {isa = PBXBuildFile; fileRef = 9A69F1BA283944F500FEDED6 /* Injection.swift */; };
		9A69F1BD283B2E5900FEDED6 /* SupplementsViewModel.swift in Sources */ = {isa = PBXBuildFile; fileRef = 9A69F1BC283B2E5900FEDED6 /* SupplementsViewModel.swift */; };
		9A69F1BF283BCEFE00FEDED6 /* NetworkingManager.swift in Sources */ = {isa = PBXBuildFile; fileRef = 9A69F1BE283BCEFD00FEDED6 /* NetworkingManager.swift */; };
		9A69F1C1283CC7A300FEDED6 /* ItemAddViewModel.swift in Sources */ = {isa = PBXBuildFile; fileRef = 9A69F1C0283CC7A300FEDED6 /* ItemAddViewModel.swift */; };
		9A69F1C3283CCA6700FEDED6 /* UnionItemList.swift in Sources */ = {isa = PBXBuildFile; fileRef = 9A69F1C2283CCA6700FEDED6 /* UnionItemList.swift */; };
		9A69F1C5283CEDE100FEDED6 /* FoodUnionSupplementsViewModel.swift in Sources */ = {isa = PBXBuildFile; fileRef = 9A69F1C4283CEDE100FEDED6 /* FoodUnionSupplementsViewModel.swift */; };
		9A69F1C7283CF31300FEDED6 /* Info.swift in Sources */ = {isa = PBXBuildFile; fileRef = 9A69F1C6283CF31300FEDED6 /* Info.swift */; };
		9A69F1CA284634E500FEDED6 /* TabBarHeaderCollectionViewCell.swift in Sources */ = {isa = PBXBuildFile; fileRef = 9A69F1C8284634E500FEDED6 /* TabBarHeaderCollectionViewCell.swift */; };
		9A69F1CB284634E500FEDED6 /* TabBarHeaderCollectionViewCell.xib in Resources */ = {isa = PBXBuildFile; fileRef = 9A69F1C9284634E500FEDED6 /* TabBarHeaderCollectionViewCell.xib */; };
		9A69F1CE284638E000FEDED6 /* ItemInfoTableViewCell.swift in Sources */ = {isa = PBXBuildFile; fileRef = 9A69F1CC284638E000FEDED6 /* ItemInfoTableViewCell.swift */; };
		9A69F1CF284638E000FEDED6 /* ItemInfoTableViewCell.xib in Resources */ = {isa = PBXBuildFile; fileRef = 9A69F1CD284638E000FEDED6 /* ItemInfoTableViewCell.xib */; };
		9A69F1D12846553F00FEDED6 /* UILabel.swift in Sources */ = {isa = PBXBuildFile; fileRef = 9A69F1D02846553F00FEDED6 /* UILabel.swift */; };
		9A69F1D32846585900FEDED6 /* UIScrollView.swift in Sources */ = {isa = PBXBuildFile; fileRef = 9A69F1D22846585900FEDED6 /* UIScrollView.swift */; };
/* End PBXBuildFile section */

/* Begin PBXFileReference section */
		236BFF1A4EB20C3659E90B47 /* Pods_dietaryMedicine.framework */ = {isa = PBXFileReference; explicitFileType = wrapper.framework; includeInIndex = 0; path = Pods_dietaryMedicine.framework; sourceTree = BUILT_PRODUCTS_DIR; };
		7E8778B6256CBDCC52975E3A /* Pods-dietaryMedicine.release.xcconfig */ = {isa = PBXFileReference; includeInIndex = 1; lastKnownFileType = text.xcconfig; name = "Pods-dietaryMedicine.release.xcconfig"; path = "Target Support Files/Pods-dietaryMedicine/Pods-dietaryMedicine.release.xcconfig"; sourceTree = "<group>"; };
		842BFB022837561B00BC6B21 /* AnalysisTableViewCell.swift */ = {isa = PBXFileReference; lastKnownFileType = sourcecode.swift; path = AnalysisTableViewCell.swift; sourceTree = "<group>"; };
		842BFB032837561B00BC6B21 /* AnalysisTableViewCell.xib */ = {isa = PBXFileReference; lastKnownFileType = file.xib; path = AnalysisTableViewCell.xib; sourceTree = "<group>"; };
		842BFB062837699300BC6B21 /* NewsCollectionViewCell.swift */ = {isa = PBXFileReference; lastKnownFileType = sourcecode.swift; path = NewsCollectionViewCell.swift; sourceTree = "<group>"; };
		842BFB072837699300BC6B21 /* NewsCollectionViewCell.xib */ = {isa = PBXFileReference; lastKnownFileType = file.xib; path = NewsCollectionViewCell.xib; sourceTree = "<group>"; };
		842BFB0F283DCC4700BC6B21 /* ViewDelegate.swift */ = {isa = PBXFileReference; lastKnownFileType = sourcecode.swift; path = ViewDelegate.swift; sourceTree = "<group>"; };
		842BFB11283DE58900BC6B21 /* FoodList.swift */ = {isa = PBXFileReference; lastKnownFileType = sourcecode.swift; name = FoodList.swift; path = dietaryMedicine/Utility/FoodList.swift; sourceTree = SOURCE_ROOT; };
		842BFB13283DE70400BC6B21 /* FoodsViewModel.swift */ = {isa = PBXFileReference; lastKnownFileType = sourcecode.swift; name = FoodsViewModel.swift; path = dietaryMedicine/Utility/FoodsViewModel.swift; sourceTree = SOURCE_ROOT; };
		842BFB15283DF35300BC6B21 /* UIFont.swift */ = {isa = PBXFileReference; lastKnownFileType = sourcecode.swift; path = UIFont.swift; sourceTree = "<group>"; };
		842BFB17283F67B800BC6B21 /* ItemDeleteViewModel.swift */ = {isa = PBXFileReference; lastKnownFileType = sourcecode.swift; name = ItemDeleteViewModel.swift; path = dietaryMedicine/Extension/ItemDeleteViewModel.swift; sourceTree = SOURCE_ROOT; };
		842BFB1A2840520A00BC6B21 /* SignUpViewController.swift */ = {isa = PBXFileReference; lastKnownFileType = sourcecode.swift; path = SignUpViewController.swift; sourceTree = "<group>"; };
		842BFB1C284058EC00BC6B21 /* SignUpViewModel.swift */ = {isa = PBXFileReference; lastKnownFileType = sourcecode.swift; name = SignUpViewModel.swift; path = dietaryMedicine/View/Login/SignUpViewModel.swift; sourceTree = SOURCE_ROOT; };
		842BFB1E2840617E00BC6B21 /* FoodUnionSupplements.storyboard */ = {isa = PBXFileReference; fileEncoding = 4; lastKnownFileType = file.storyboard; name = FoodUnionSupplements.storyboard; path = dietaryMedicine/View/Home/FoodUnionSupplements/FoodUnionSupplements.storyboard; sourceTree = SOURCE_ROOT; };
		842BFB21284061F100BC6B21 /* MyPageViewController.swift */ = {isa = PBXFileReference; lastKnownFileType = sourcecode.swift; path = MyPageViewController.swift; sourceTree = "<group>"; };
		8446636B2837126F0085E2D7 /* HashTagCollectionViewCell.xib */ = {isa = PBXFileReference; fileEncoding = 4; lastKnownFileType = file.xib; path = HashTagCollectionViewCell.xib; sourceTree = "<group>"; };
		84F2FEAB2833261B00AA927B /* AddTableViewCell.swift */ = {isa = PBXFileReference; lastKnownFileType = sourcecode.swift; path = AddTableViewCell.swift; sourceTree = "<group>"; };
		84F2FEAC2833261B00AA927B /* AddTableViewCell.xib */ = {isa = PBXFileReference; lastKnownFileType = file.xib; path = AddTableViewCell.xib; sourceTree = "<group>"; };
		84F2FEB328332A4C00AA927B /* HashTagCollectionViewCell.swift */ = {isa = PBXFileReference; lastKnownFileType = sourcecode.swift; path = HashTagCollectionViewCell.swift; sourceTree = "<group>"; };
		84F2FEB728335DE400AA927B /* ItemDetailViewController.swift */ = {isa = PBXFileReference; lastKnownFileType = sourcecode.swift; path = ItemDetailViewController.swift; sourceTree = "<group>"; };
		9A4C3EC228313B2E001960FF /* dietaryMedicine.app */ = {isa = PBXFileReference; explicitFileType = wrapper.application; includeInIndex = 0; path = dietaryMedicine.app; sourceTree = BUILT_PRODUCTS_DIR; };
		9A4C3EC528313B2E001960FF /* AppDelegate.swift */ = {isa = PBXFileReference; lastKnownFileType = sourcecode.swift; path = AppDelegate.swift; sourceTree = "<group>"; };
		9A4C3EC728313B2E001960FF /* SceneDelegate.swift */ = {isa = PBXFileReference; lastKnownFileType = sourcecode.swift; path = SceneDelegate.swift; sourceTree = "<group>"; };
		9A4C3EC928313B2E001960FF /* LoginViewController.swift */ = {isa = PBXFileReference; lastKnownFileType = sourcecode.swift; path = LoginViewController.swift; sourceTree = "<group>"; };
		9A4C3ECC28313B2E001960FF /* Base */ = {isa = PBXFileReference; lastKnownFileType = file.storyboard; name = Base; path = Base.lproj/Login.storyboard; sourceTree = "<group>"; };
		9A4C3ECE28313B30001960FF /* Assets.xcassets */ = {isa = PBXFileReference; lastKnownFileType = folder.assetcatalog; path = Assets.xcassets; sourceTree = "<group>"; };
		9A4C3ED128313B30001960FF /* Base */ = {isa = PBXFileReference; lastKnownFileType = file.storyboard; name = Base; path = Base.lproj/LaunchScreen.storyboard; sourceTree = "<group>"; };
		9A4C3ED328313B30001960FF /* Info.plist */ = {isa = PBXFileReference; lastKnownFileType = text.plist.xml; path = Info.plist; sourceTree = "<group>"; };
		9A4C3ED928314447001960FF /* Main.storyboard */ = {isa = PBXFileReference; lastKnownFileType = file.storyboard; path = Main.storyboard; sourceTree = "<group>"; };
		9A4C3EDE2831469B001960FF /* HomeViewController.swift */ = {isa = PBXFileReference; lastKnownFileType = sourcecode.swift; path = HomeViewController.swift; sourceTree = "<group>"; };
		9A4C3EE028314907001960FF /* MainTabBarController.swift */ = {isa = PBXFileReference; lastKnownFileType = sourcecode.swift; path = MainTabBarController.swift; sourceTree = "<group>"; };
		9A4C3EE2283213BF001960FF /* FoodUnionSupplementsTableViewCell.swift */ = {isa = PBXFileReference; lastKnownFileType = sourcecode.swift; path = FoodUnionSupplementsTableViewCell.swift; sourceTree = "<group>"; };
		9A4C3EE3283213C0001960FF /* FoodUnionSupplementsTableViewCell.xib */ = {isa = PBXFileReference; lastKnownFileType = file.xib; path = FoodUnionSupplementsTableViewCell.xib; sourceTree = "<group>"; };
		9A4C3EE6283219BB001960FF /* UnionAnalysisTableViewCell.swift */ = {isa = PBXFileReference; lastKnownFileType = sourcecode.swift; path = UnionAnalysisTableViewCell.swift; sourceTree = "<group>"; };
		9A4C3EE7283219BB001960FF /* UnionAnalysisTableViewCell.xib */ = {isa = PBXFileReference; lastKnownFileType = file.xib; path = UnionAnalysisTableViewCell.xib; sourceTree = "<group>"; };
		9A4C3EEA28321DD1001960FF /* HotNewsTableViewCell.swift */ = {isa = PBXFileReference; lastKnownFileType = sourcecode.swift; path = HotNewsTableViewCell.swift; sourceTree = "<group>"; };
		9A4C3EEB28321DD1001960FF /* HotNewsTableViewCell.xib */ = {isa = PBXFileReference; lastKnownFileType = file.xib; path = HotNewsTableViewCell.xib; sourceTree = "<group>"; };
		9A4C3EF128322082001960FF /* AddCollectionViewCell.swift */ = {isa = PBXFileReference; lastKnownFileType = sourcecode.swift; path = AddCollectionViewCell.swift; sourceTree = "<group>"; };
		9A4C3EF228322082001960FF /* AddCollectionViewCell.xib */ = {isa = PBXFileReference; lastKnownFileType = file.xib; path = AddCollectionViewCell.xib; sourceTree = "<group>"; };
		9A4C3EF828324113001960FF /* UIColor.swift */ = {isa = PBXFileReference; lastKnownFileType = sourcecode.swift; path = UIColor.swift; sourceTree = "<group>"; };
		9A69F1A02838D0B300FEDED6 /* SupplementsViewController.swift */ = {isa = PBXFileReference; lastKnownFileType = sourcecode.swift; path = SupplementsViewController.swift; sourceTree = "<group>"; };
		9A69F1A12838D0B300FEDED6 /* AddListViewController.swift */ = {isa = PBXFileReference; lastKnownFileType = sourcecode.swift; path = AddListViewController.swift; sourceTree = "<group>"; };
		9A69F1A22838D0B300FEDED6 /* FoodViewController.swift */ = {isa = PBXFileReference; lastKnownFileType = sourcecode.swift; path = FoodViewController.swift; sourceTree = "<group>"; };
		9A69F1AB2838D89100FEDED6 /* ApiUrl.swift */ = {isa = PBXFileReference; lastKnownFileType = sourcecode.swift; path = ApiUrl.swift; sourceTree = "<group>"; };
		9A69F1AD2838EF4900FEDED6 /* Login.swift */ = {isa = PBXFileReference; lastKnownFileType = sourcecode.swift; name = Login.swift; path = dietaryMedicine/Networking/Login.swift; sourceTree = SOURCE_ROOT; };
		9A69F1AF2838F04E00FEDED6 /* LoginViewModel.swift */ = {isa = PBXFileReference; lastKnownFileType = sourcecode.swift; name = LoginViewModel.swift; path = dietaryMedicine/Networking/LoginViewModel.swift; sourceTree = SOURCE_ROOT; };
		9A69F1B22838F3B200FEDED6 /* UtilFunction.swift */ = {isa = PBXFileReference; lastKnownFileType = sourcecode.swift; path = UtilFunction.swift; sourceTree = "<group>"; };
		9A69F1B42838F65700FEDED6 /* ViewModelProtocol.swift */ = {isa = PBXFileReference; lastKnownFileType = sourcecode.swift; name = ViewModelProtocol.swift; path = dietaryMedicine/Utility/ViewModelProtocol.swift; sourceTree = SOURCE_ROOT; };
		9A69F1B628393FAE00FEDED6 /* SupplementList.swift */ = {isa = PBXFileReference; lastKnownFileType = sourcecode.swift; name = SupplementList.swift; path = dietaryMedicine/Utility/SupplementList.swift; sourceTree = SOURCE_ROOT; };
		9A69F1B82839404300FEDED6 /* UserDefaultsManager.swift */ = {isa = PBXFileReference; lastKnownFileType = sourcecode.swift; path = UserDefaultsManager.swift; sourceTree = "<group>"; };
		9A69F1BA283944F500FEDED6 /* Injection.swift */ = {isa = PBXFileReference; lastKnownFileType = sourcecode.swift; path = Injection.swift; sourceTree = "<group>"; };
		9A69F1BC283B2E5900FEDED6 /* SupplementsViewModel.swift */ = {isa = PBXFileReference; lastKnownFileType = sourcecode.swift; name = SupplementsViewModel.swift; path = dietaryMedicine/Utility/SupplementsViewModel.swift; sourceTree = SOURCE_ROOT; };
		9A69F1BE283BCEFD00FEDED6 /* NetworkingManager.swift */ = {isa = PBXFileReference; lastKnownFileType = sourcecode.swift; path = NetworkingManager.swift; sourceTree = "<group>"; };
		9A69F1C0283CC7A300FEDED6 /* ItemAddViewModel.swift */ = {isa = PBXFileReference; lastKnownFileType = sourcecode.swift; name = ItemAddViewModel.swift; path = dietaryMedicine/Networking/ItemAddViewModel.swift; sourceTree = SOURCE_ROOT; };
		9A69F1C2283CCA6700FEDED6 /* UnionItemList.swift */ = {isa = PBXFileReference; lastKnownFileType = sourcecode.swift; name = UnionItemList.swift; path = dietaryMedicine/Networking/UnionItemList.swift; sourceTree = SOURCE_ROOT; };
		9A69F1C4283CEDE100FEDED6 /* FoodUnionSupplementsViewModel.swift */ = {isa = PBXFileReference; lastKnownFileType = sourcecode.swift; name = FoodUnionSupplementsViewModel.swift; path = dietaryMedicine/Networking/FoodUnionSupplementsViewModel.swift; sourceTree = SOURCE_ROOT; };
		9A69F1C6283CF31300FEDED6 /* Info.swift */ = {isa = PBXFileReference; lastKnownFileType = sourcecode.swift; name = Info.swift; path = dietaryMedicine/Networking/Info.swift; sourceTree = SOURCE_ROOT; };
		9A69F1C8284634E500FEDED6 /* TabBarHeaderCollectionViewCell.swift */ = {isa = PBXFileReference; lastKnownFileType = sourcecode.swift; path = TabBarHeaderCollectionViewCell.swift; sourceTree = "<group>"; };
		9A69F1C9284634E500FEDED6 /* TabBarHeaderCollectionViewCell.xib */ = {isa = PBXFileReference; lastKnownFileType = file.xib; path = TabBarHeaderCollectionViewCell.xib; sourceTree = "<group>"; };
		9A69F1CC284638E000FEDED6 /* ItemInfoTableViewCell.swift */ = {isa = PBXFileReference; lastKnownFileType = sourcecode.swift; path = ItemInfoTableViewCell.swift; sourceTree = "<group>"; };
		9A69F1CD284638E000FEDED6 /* ItemInfoTableViewCell.xib */ = {isa = PBXFileReference; lastKnownFileType = file.xib; path = ItemInfoTableViewCell.xib; sourceTree = "<group>"; };
		9A69F1D02846553F00FEDED6 /* UILabel.swift */ = {isa = PBXFileReference; lastKnownFileType = sourcecode.swift; path = UILabel.swift; sourceTree = "<group>"; };
		9A69F1D22846585900FEDED6 /* UIScrollView.swift */ = {isa = PBXFileReference; lastKnownFileType = sourcecode.swift; path = UIScrollView.swift; sourceTree = "<group>"; };
		B5D6626179DC6AFC862A1D3D /* Pods-dietaryMedicine.debug.xcconfig */ = {isa = PBXFileReference; includeInIndex = 1; lastKnownFileType = text.xcconfig; name = "Pods-dietaryMedicine.debug.xcconfig"; path = "Target Support Files/Pods-dietaryMedicine/Pods-dietaryMedicine.debug.xcconfig"; sourceTree = "<group>"; };
/* End PBXFileReference section */

/* Begin PBXFrameworksBuildPhase section */
		9A4C3EBF28313B2E001960FF /* Frameworks */ = {
			isa = PBXFrameworksBuildPhase;
			buildActionMask = 2147483647;
			files = (
				46DA1F5EC6ABEF7747217A94 /* Pods_dietaryMedicine.framework in Frameworks */,
			);
			runOnlyForDeploymentPostprocessing = 0;
		};
/* End PBXFrameworksBuildPhase section */

/* Begin PBXGroup section */
		67ECEF52873234845C31EE5B /* Frameworks */ = {
			isa = PBXGroup;
			children = (
				236BFF1A4EB20C3659E90B47 /* Pods_dietaryMedicine.framework */,
			);
			name = Frameworks;
			sourceTree = "<group>";
		};
		6D966069483B9A34FB873720 /* Pods */ = {
			isa = PBXGroup;
			children = (
				B5D6626179DC6AFC862A1D3D /* Pods-dietaryMedicine.debug.xcconfig */,
				7E8778B6256CBDCC52975E3A /* Pods-dietaryMedicine.release.xcconfig */,
			);
			path = Pods;
			sourceTree = "<group>";
		};
		842BFB19284051CC00BC6B21 /* Login */ = {
			isa = PBXGroup;
			children = (
				842BFB1A2840520A00BC6B21 /* SignUpViewController.swift */,
				9A4C3EC928313B2E001960FF /* LoginViewController.swift */,
				9A4C3ECB28313B2E001960FF /* Login.storyboard */,
			);
			path = Login;
			sourceTree = "<group>";
		};
		842BFB20284061CF00BC6B21 /* MyPage */ = {
			isa = PBXGroup;
			children = (
				842BFB21284061F100BC6B21 /* MyPageViewController.swift */,
			);
			path = MyPage;
			sourceTree = "<group>";
		};
		8446636A2835E3840085E2D7 /* Home */ = {
			isa = PBXGroup;
			children = (
				9A4C3EDE2831469B001960FF /* HomeViewController.swift */,
				84F2FEB328332A4C00AA927B /* HashTagCollectionViewCell.swift */,
				8446636B2837126F0085E2D7 /* HashTagCollectionViewCell.xib */,
				9A4C3EEE2832202C001960FF /* FoodUnionSupplements */,
				9A4C3EEF28322039001960FF /* UnionAnalysis */,
				9A4C3EF028322043001960FF /* HotNews */,
			);
			path = Home;
			sourceTree = "<group>";
		};
		84F2FEAA283325F100AA927B /* Add */ = {
			isa = PBXGroup;
			children = (
				9A69F1C8284634E500FEDED6 /* TabBarHeaderCollectionViewCell.swift */,
				9A69F1C9284634E500FEDED6 /* TabBarHeaderCollectionViewCell.xib */,
				842BFB1E2840617E00BC6B21 /* FoodUnionSupplements.storyboard */,
				9A69F1A12838D0B300FEDED6 /* AddListViewController.swift */,
				84F2FEAB2833261B00AA927B /* AddTableViewCell.swift */,
				84F2FEAC2833261B00AA927B /* AddTableViewCell.xib */,
				9A69F1A02838D0B300FEDED6 /* SupplementsViewController.swift */,
				9A69F1A22838D0B300FEDED6 /* FoodViewController.swift */,
				84F2FEB728335DE400AA927B /* ItemDetailViewController.swift */,
				9A69F1CC284638E000FEDED6 /* ItemInfoTableViewCell.swift */,
				9A69F1CD284638E000FEDED6 /* ItemInfoTableViewCell.xib */,
			);
			path = Add;
			sourceTree = "<group>";
		};
		9A4C3EB928313B2E001960FF = {
			isa = PBXGroup;
			children = (
				9A4C3EC428313B2E001960FF /* dietaryMedicine */,
				9A4C3EC328313B2E001960FF /* Products */,
				6D966069483B9A34FB873720 /* Pods */,
				67ECEF52873234845C31EE5B /* Frameworks */,
			);
			sourceTree = "<group>";
		};
		9A4C3EC328313B2E001960FF /* Products */ = {
			isa = PBXGroup;
			children = (
				9A4C3EC228313B2E001960FF /* dietaryMedicine.app */,
			);
			name = Products;
			sourceTree = "<group>";
		};
		9A4C3EC428313B2E001960FF /* dietaryMedicine */ = {
			isa = PBXGroup;
			children = (
				9A69F1B12838F39E00FEDED6 /* Utility */,
				9A69F1AA2838D85B00FEDED6 /* Networking */,
				9A4C3EF72832405B001960FF /* Extension */,
				9A4C3EDD28314661001960FF /* View */,
				9A4C3EDC28314645001960FF /* ViewModel */,
				9A4C3EDB2831463D001960FF /* Model */,
				9A4C3EC528313B2E001960FF /* AppDelegate.swift */,
				9A4C3EC728313B2E001960FF /* SceneDelegate.swift */,
				9A4C3ECE28313B30001960FF /* Assets.xcassets */,
				9A4C3ED028313B30001960FF /* LaunchScreen.storyboard */,
				9A4C3ED328313B30001960FF /* Info.plist */,
				9A4C3ED928314447001960FF /* Main.storyboard */,
				9A4C3EE028314907001960FF /* MainTabBarController.swift */,
			);
			path = dietaryMedicine;
			sourceTree = "<group>";
		};
		9A4C3EDB2831463D001960FF /* Model */ = {
			isa = PBXGroup;
			children = (
				9A69F1AD2838EF4900FEDED6 /* Login.swift */,
				9A69F1B628393FAE00FEDED6 /* SupplementList.swift */,
				9A69F1C2283CCA6700FEDED6 /* UnionItemList.swift */,
				9A69F1C6283CF31300FEDED6 /* Info.swift */,
				842BFB11283DE58900BC6B21 /* FoodList.swift */,
			);
			path = Model;
			sourceTree = "<group>";
		};
		9A4C3EDC28314645001960FF /* ViewModel */ = {
			isa = PBXGroup;
			children = (
				9A69F1B42838F65700FEDED6 /* ViewModelProtocol.swift */,
				9A69F1AF2838F04E00FEDED6 /* LoginViewModel.swift */,
				842BFB1C284058EC00BC6B21 /* SignUpViewModel.swift */,
				9A69F1C4283CEDE100FEDED6 /* FoodUnionSupplementsViewModel.swift */,
				9A69F1BC283B2E5900FEDED6 /* SupplementsViewModel.swift */,
				842BFB13283DE70400BC6B21 /* FoodsViewModel.swift */,
				9A69F1C0283CC7A300FEDED6 /* ItemAddViewModel.swift */,
				842BFB17283F67B800BC6B21 /* ItemDeleteViewModel.swift */,
			);
			path = ViewModel;
			sourceTree = "<group>";
		};
		9A4C3EDD28314661001960FF /* View */ = {
			isa = PBXGroup;
			children = (
				842BFB19284051CC00BC6B21 /* Login */,
				8446636A2835E3840085E2D7 /* Home */,
				842BFB20284061CF00BC6B21 /* MyPage */,
			);
			path = View;
			sourceTree = "<group>";
		};
		9A4C3EEE2832202C001960FF /* FoodUnionSupplements */ = {
			isa = PBXGroup;
			children = (
				9A4C3EE2283213BF001960FF /* FoodUnionSupplementsTableViewCell.swift */,
				9A4C3EE3283213C0001960FF /* FoodUnionSupplementsTableViewCell.xib */,
				9A4C3EF128322082001960FF /* AddCollectionViewCell.swift */,
				9A4C3EF228322082001960FF /* AddCollectionViewCell.xib */,
				84F2FEAA283325F100AA927B /* Add */,
			);
			path = FoodUnionSupplements;
			sourceTree = "<group>";
		};
		9A4C3EEF28322039001960FF /* UnionAnalysis */ = {
			isa = PBXGroup;
			children = (
				9A4C3EE6283219BB001960FF /* UnionAnalysisTableViewCell.swift */,
				9A4C3EE7283219BB001960FF /* UnionAnalysisTableViewCell.xib */,
				842BFB022837561B00BC6B21 /* AnalysisTableViewCell.swift */,
				842BFB032837561B00BC6B21 /* AnalysisTableViewCell.xib */,
			);
			path = UnionAnalysis;
			sourceTree = "<group>";
		};
		9A4C3EF028322043001960FF /* HotNews */ = {
			isa = PBXGroup;
			children = (
				9A4C3EEA28321DD1001960FF /* HotNewsTableViewCell.swift */,
				9A4C3EEB28321DD1001960FF /* HotNewsTableViewCell.xib */,
				842BFB062837699300BC6B21 /* NewsCollectionViewCell.swift */,
				842BFB072837699300BC6B21 /* NewsCollectionViewCell.xib */,
			);
			path = HotNews;
			sourceTree = "<group>";
		};
		9A4C3EF72832405B001960FF /* Extension */ = {
			isa = PBXGroup;
			children = (
				9A4C3EF828324113001960FF /* UIColor.swift */,
				842BFB15283DF35300BC6B21 /* UIFont.swift */,
				9A69F1D02846553F00FEDED6 /* UILabel.swift */,
				9A69F1D22846585900FEDED6 /* UIScrollView.swift */,
			);
			path = Extension;
			sourceTree = "<group>";
		};
		9A69F1AA2838D85B00FEDED6 /* Networking */ = {
			isa = PBXGroup;
			children = (
				9A69F1AB2838D89100FEDED6 /* ApiUrl.swift */,
				9A69F1BE283BCEFD00FEDED6 /* NetworkingManager.swift */,
			);
			path = Networking;
			sourceTree = "<group>";
		};
		9A69F1B12838F39E00FEDED6 /* Utility */ = {
			isa = PBXGroup;
			children = (
				9A69F1B22838F3B200FEDED6 /* UtilFunction.swift */,
				9A69F1B82839404300FEDED6 /* UserDefaultsManager.swift */,
				9A69F1BA283944F500FEDED6 /* Injection.swift */,
				842BFB0F283DCC4700BC6B21 /* ViewDelegate.swift */,
			);
			path = Utility;
			sourceTree = "<group>";
		};
/* End PBXGroup section */

/* Begin PBXNativeTarget section */
		9A4C3EC128313B2E001960FF /* dietaryMedicine */ = {
			isa = PBXNativeTarget;
			buildConfigurationList = 9A4C3ED628313B30001960FF /* Build configuration list for PBXNativeTarget "dietaryMedicine" */;
			buildPhases = (
				EE8FE6083429DACF91AE9501 /* [CP] Check Pods Manifest.lock */,
				9A4C3EBE28313B2E001960FF /* Sources */,
				9A4C3EBF28313B2E001960FF /* Frameworks */,
				9A4C3EC028313B2E001960FF /* Resources */,
				91AA9718F80A76C8920F011C /* [CP] Embed Pods Frameworks */,
			);
			buildRules = (
			);
			dependencies = (
			);
			name = dietaryMedicine;
			productName = dietaryMedicine;
			productReference = 9A4C3EC228313B2E001960FF /* dietaryMedicine.app */;
			productType = "com.apple.product-type.application";
		};
/* End PBXNativeTarget section */

/* Begin PBXProject section */
		9A4C3EBA28313B2E001960FF /* Project object */ = {
			isa = PBXProject;
			attributes = {
				BuildIndependentTargetsInParallel = 1;
				LastSwiftUpdateCheck = 1330;
				LastUpgradeCheck = 1330;
				TargetAttributes = {
					9A4C3EC128313B2E001960FF = {
						CreatedOnToolsVersion = 13.3;
					};
				};
			};
			buildConfigurationList = 9A4C3EBD28313B2E001960FF /* Build configuration list for PBXProject "dietaryMedicine" */;
			compatibilityVersion = "Xcode 12.0";
			developmentRegion = en;
			hasScannedForEncodings = 0;
			knownRegions = (
				en,
				Base,
			);
			mainGroup = 9A4C3EB928313B2E001960FF;
			productRefGroup = 9A4C3EC328313B2E001960FF /* Products */;
			projectDirPath = "";
			projectRoot = "";
			targets = (
				9A4C3EC128313B2E001960FF /* dietaryMedicine */,
			);
		};
/* End PBXProject section */

/* Begin PBXResourcesBuildPhase section */
		9A4C3EC028313B2E001960FF /* Resources */ = {
			isa = PBXResourcesBuildPhase;
			buildActionMask = 2147483647;
			files = (
				9A4C3EED28321DD1001960FF /* HotNewsTableViewCell.xib in Resources */,
				9A4C3ED228313B30001960FF /* LaunchScreen.storyboard in Resources */,
				9A4C3EF428322082001960FF /* AddCollectionViewCell.xib in Resources */,
				9A4C3ECF28313B30001960FF /* Assets.xcassets in Resources */,
				9A4C3ECD28313B2E001960FF /* Login.storyboard in Resources */,
				9A4C3EE5283213C0001960FF /* FoodUnionSupplementsTableViewCell.xib in Resources */,
				842BFB092837699300BC6B21 /* NewsCollectionViewCell.xib in Resources */,
				9A69F1CB284634E500FEDED6 /* TabBarHeaderCollectionViewCell.xib in Resources */,
				84F2FEAE2833261B00AA927B /* AddTableViewCell.xib in Resources */,
				9A4C3EDA28314447001960FF /* Main.storyboard in Resources */,
				8446636C2837126F0085E2D7 /* HashTagCollectionViewCell.xib in Resources */,
				842BFB1F2840617E00BC6B21 /* FoodUnionSupplements.storyboard in Resources */,
				842BFB052837561B00BC6B21 /* AnalysisTableViewCell.xib in Resources */,
				9A69F1CF284638E000FEDED6 /* ItemInfoTableViewCell.xib in Resources */,
				9A4C3EE9283219BB001960FF /* UnionAnalysisTableViewCell.xib in Resources */,
			);
			runOnlyForDeploymentPostprocessing = 0;
		};
/* End PBXResourcesBuildPhase section */

/* Begin PBXShellScriptBuildPhase section */
		91AA9718F80A76C8920F011C /* [CP] Embed Pods Frameworks */ = {
			isa = PBXShellScriptBuildPhase;
			buildActionMask = 2147483647;
			files = (
			);
			inputFileListPaths = (
				"${PODS_ROOT}/Target Support Files/Pods-dietaryMedicine/Pods-dietaryMedicine-frameworks-${CONFIGURATION}-input-files.xcfilelist",
			);
			name = "[CP] Embed Pods Frameworks";
			outputFileListPaths = (
				"${PODS_ROOT}/Target Support Files/Pods-dietaryMedicine/Pods-dietaryMedicine-frameworks-${CONFIGURATION}-output-files.xcfilelist",
			);
			runOnlyForDeploymentPostprocessing = 0;
			shellPath = /bin/sh;
			shellScript = "\"${PODS_ROOT}/Target Support Files/Pods-dietaryMedicine/Pods-dietaryMedicine-frameworks.sh\"\n";
			showEnvVarsInLog = 0;
		};
		EE8FE6083429DACF91AE9501 /* [CP] Check Pods Manifest.lock */ = {
			isa = PBXShellScriptBuildPhase;
			buildActionMask = 2147483647;
			files = (
			);
			inputFileListPaths = (
			);
			inputPaths = (
				"${PODS_PODFILE_DIR_PATH}/Podfile.lock",
				"${PODS_ROOT}/Manifest.lock",
			);
			name = "[CP] Check Pods Manifest.lock";
			outputFileListPaths = (
			);
			outputPaths = (
				"$(DERIVED_FILE_DIR)/Pods-dietaryMedicine-checkManifestLockResult.txt",
			);
			runOnlyForDeploymentPostprocessing = 0;
			shellPath = /bin/sh;
			shellScript = "diff \"${PODS_PODFILE_DIR_PATH}/Podfile.lock\" \"${PODS_ROOT}/Manifest.lock\" > /dev/null\nif [ $? != 0 ] ; then\n    # print error to STDERR\n    echo \"error: The sandbox is not in sync with the Podfile.lock. Run 'pod install' or update your CocoaPods installation.\" >&2\n    exit 1\nfi\n# This output is used by Xcode 'outputs' to avoid re-running this script phase.\necho \"SUCCESS\" > \"${SCRIPT_OUTPUT_FILE_0}\"\n";
			showEnvVarsInLog = 0;
		};
/* End PBXShellScriptBuildPhase section */

/* Begin PBXSourcesBuildPhase section */
		9A4C3EBE28313B2E001960FF /* Sources */ = {
			isa = PBXSourcesBuildPhase;
			buildActionMask = 2147483647;
			files = (
				9A69F1AE2838EF4900FEDED6 /* Login.swift in Sources */,
				9A69F1A52838D0B400FEDED6 /* FoodViewController.swift in Sources */,
				842BFB1D284058EC00BC6B21 /* SignUpViewModel.swift in Sources */,
				9A69F1B02838F04E00FEDED6 /* LoginViewModel.swift in Sources */,
				9A69F1CE284638E000FEDED6 /* ItemInfoTableViewCell.swift in Sources */,
				842BFB10283DCC4700BC6B21 /* ViewDelegate.swift in Sources */,
				9A4C3EEC28321DD1001960FF /* HotNewsTableViewCell.swift in Sources */,
				9A69F1A42838D0B400FEDED6 /* AddListViewController.swift in Sources */,
				9A69F1BD283B2E5900FEDED6 /* SupplementsViewModel.swift in Sources */,
				9A69F1D32846585900FEDED6 /* UIScrollView.swift in Sources */,
				9A4C3ECA28313B2E001960FF /* LoginViewController.swift in Sources */,
				9A4C3EC628313B2E001960FF /* AppDelegate.swift in Sources */,
				9A69F1D12846553F00FEDED6 /* UILabel.swift in Sources */,
				84F2FEAD2833261B00AA927B /* AddTableViewCell.swift in Sources */,
				9A69F1B52838F65700FEDED6 /* ViewModelProtocol.swift in Sources */,
				9A69F1C3283CCA6700FEDED6 /* UnionItemList.swift in Sources */,
				9A69F1B728393FAE00FEDED6 /* SupplementList.swift in Sources */,
				9A69F1A62838D0B400FEDED6 /* SupplementsViewController.swift in Sources */,
				9A4C3EE8283219BB001960FF /* UnionAnalysisTableViewCell.swift in Sources */,
				9A69F1BF283BCEFE00FEDED6 /* NetworkingManager.swift in Sources */,
				842BFB042837561B00BC6B21 /* AnalysisTableViewCell.swift in Sources */,
				842BFB16283DF35300BC6B21 /* UIFont.swift in Sources */,
				842BFB082837699300BC6B21 /* NewsCollectionViewCell.swift in Sources */,
				9A69F1C1283CC7A300FEDED6 /* ItemAddViewModel.swift in Sources */,
				84F2FEB528332A4C00AA927B /* HashTagCollectionViewCell.swift in Sources */,
				9A69F1C5283CEDE100FEDED6 /* FoodUnionSupplementsViewModel.swift in Sources */,
				9A69F1BB283944F500FEDED6 /* Injection.swift in Sources */,
				9A4C3EE128314907001960FF /* MainTabBarController.swift in Sources */,
				842BFB1B2840520A00BC6B21 /* SignUpViewController.swift in Sources */,
				9A69F1B92839404300FEDED6 /* UserDefaultsManager.swift in Sources */,
				9A69F1B32838F3B200FEDED6 /* UtilFunction.swift in Sources */,
				9A4C3EC828313B2E001960FF /* SceneDelegate.swift in Sources */,
				9A4C3EF328322082001960FF /* AddCollectionViewCell.swift in Sources */,
				9A4C3EE4283213C0001960FF /* FoodUnionSupplementsTableViewCell.swift in Sources */,
				84F2FEB828335DE400AA927B /* ItemDetailViewController.swift in Sources */,
				9A69F1AC2838D89100FEDED6 /* ApiUrl.swift in Sources */,
				842BFB12283DE58900BC6B21 /* FoodList.swift in Sources */,
				842BFB22284061F100BC6B21 /* MyPageViewController.swift in Sources */,
				9A4C3EDF2831469B001960FF /* HomeViewController.swift in Sources */,
				9A4C3EF928324113001960FF /* UIColor.swift in Sources */,
				9A69F1CA284634E500FEDED6 /* TabBarHeaderCollectionViewCell.swift in Sources */,
				842BFB18283F67B800BC6B21 /* ItemDeleteViewModel.swift in Sources */,
				842BFB14283DE70400BC6B21 /* FoodsViewModel.swift in Sources */,
				9A69F1C7283CF31300FEDED6 /* Info.swift in Sources */,
			);
			runOnlyForDeploymentPostprocessing = 0;
		};
/* End PBXSourcesBuildPhase section */

/* Begin PBXVariantGroup section */
		9A4C3ECB28313B2E001960FF /* Login.storyboard */ = {
			isa = PBXVariantGroup;
			children = (
				9A4C3ECC28313B2E001960FF /* Base */,
			);
			name = Login.storyboard;
			sourceTree = "<group>";
		};
		9A4C3ED028313B30001960FF /* LaunchScreen.storyboard */ = {
			isa = PBXVariantGroup;
			children = (
				9A4C3ED128313B30001960FF /* Base */,
			);
			name = LaunchScreen.storyboard;
			sourceTree = "<group>";
		};
/* End PBXVariantGroup section */

/* Begin XCBuildConfiguration section */
		9A4C3ED428313B30001960FF /* Debug */ = {
			isa = XCBuildConfiguration;
			buildSettings = {
				ALWAYS_SEARCH_USER_PATHS = NO;
				CLANG_ANALYZER_NONNULL = YES;
				CLANG_ANALYZER_NUMBER_OBJECT_CONVERSION = YES_AGGRESSIVE;
				CLANG_CXX_LANGUAGE_STANDARD = "gnu++17";
				CLANG_ENABLE_MODULES = YES;
				CLANG_ENABLE_OBJC_ARC = YES;
				CLANG_ENABLE_OBJC_WEAK = YES;
				CLANG_WARN_BLOCK_CAPTURE_AUTORELEASING = YES;
				CLANG_WARN_BOOL_CONVERSION = YES;
				CLANG_WARN_COMMA = YES;
				CLANG_WARN_CONSTANT_CONVERSION = YES;
				CLANG_WARN_DEPRECATED_OBJC_IMPLEMENTATIONS = YES;
				CLANG_WARN_DIRECT_OBJC_ISA_USAGE = YES_ERROR;
				CLANG_WARN_DOCUMENTATION_COMMENTS = YES;
				CLANG_WARN_EMPTY_BODY = YES;
				CLANG_WARN_ENUM_CONVERSION = YES;
				CLANG_WARN_INFINITE_RECURSION = YES;
				CLANG_WARN_INT_CONVERSION = YES;
				CLANG_WARN_NON_LITERAL_NULL_CONVERSION = YES;
				CLANG_WARN_OBJC_IMPLICIT_RETAIN_SELF = YES;
				CLANG_WARN_OBJC_LITERAL_CONVERSION = YES;
				CLANG_WARN_OBJC_ROOT_CLASS = YES_ERROR;
				CLANG_WARN_QUOTED_INCLUDE_IN_FRAMEWORK_HEADER = YES;
				CLANG_WARN_RANGE_LOOP_ANALYSIS = YES;
				CLANG_WARN_STRICT_PROTOTYPES = YES;
				CLANG_WARN_SUSPICIOUS_MOVE = YES;
				CLANG_WARN_UNGUARDED_AVAILABILITY = YES_AGGRESSIVE;
				CLANG_WARN_UNREACHABLE_CODE = YES;
				CLANG_WARN__DUPLICATE_METHOD_MATCH = YES;
				COPY_PHASE_STRIP = NO;
				DEBUG_INFORMATION_FORMAT = dwarf;
				ENABLE_STRICT_OBJC_MSGSEND = YES;
				ENABLE_TESTABILITY = YES;
				GCC_C_LANGUAGE_STANDARD = gnu11;
				GCC_DYNAMIC_NO_PIC = NO;
				GCC_NO_COMMON_BLOCKS = YES;
				GCC_OPTIMIZATION_LEVEL = 0;
				GCC_PREPROCESSOR_DEFINITIONS = (
					"DEBUG=1",
					"$(inherited)",
				);
				GCC_WARN_64_TO_32_BIT_CONVERSION = YES;
				GCC_WARN_ABOUT_RETURN_TYPE = YES_ERROR;
				GCC_WARN_UNDECLARED_SELECTOR = YES;
				GCC_WARN_UNINITIALIZED_AUTOS = YES_AGGRESSIVE;
				GCC_WARN_UNUSED_FUNCTION = YES;
				GCC_WARN_UNUSED_VARIABLE = YES;
				IPHONEOS_DEPLOYMENT_TARGET = 14.0;
				MTL_ENABLE_DEBUG_INFO = INCLUDE_SOURCE;
				MTL_FAST_MATH = YES;
				ONLY_ACTIVE_ARCH = YES;
				SDKROOT = iphoneos;
				SWIFT_ACTIVE_COMPILATION_CONDITIONS = DEBUG;
				SWIFT_OPTIMIZATION_LEVEL = "-Onone";
			};
			name = Debug;
		};
		9A4C3ED528313B30001960FF /* Release */ = {
			isa = XCBuildConfiguration;
			buildSettings = {
				ALWAYS_SEARCH_USER_PATHS = NO;
				CLANG_ANALYZER_NONNULL = YES;
				CLANG_ANALYZER_NUMBER_OBJECT_CONVERSION = YES_AGGRESSIVE;
				CLANG_CXX_LANGUAGE_STANDARD = "gnu++17";
				CLANG_ENABLE_MODULES = YES;
				CLANG_ENABLE_OBJC_ARC = YES;
				CLANG_ENABLE_OBJC_WEAK = YES;
				CLANG_WARN_BLOCK_CAPTURE_AUTORELEASING = YES;
				CLANG_WARN_BOOL_CONVERSION = YES;
				CLANG_WARN_COMMA = YES;
				CLANG_WARN_CONSTANT_CONVERSION = YES;
				CLANG_WARN_DEPRECATED_OBJC_IMPLEMENTATIONS = YES;
				CLANG_WARN_DIRECT_OBJC_ISA_USAGE = YES_ERROR;
				CLANG_WARN_DOCUMENTATION_COMMENTS = YES;
				CLANG_WARN_EMPTY_BODY = YES;
				CLANG_WARN_ENUM_CONVERSION = YES;
				CLANG_WARN_INFINITE_RECURSION = YES;
				CLANG_WARN_INT_CONVERSION = YES;
				CLANG_WARN_NON_LITERAL_NULL_CONVERSION = YES;
				CLANG_WARN_OBJC_IMPLICIT_RETAIN_SELF = YES;
				CLANG_WARN_OBJC_LITERAL_CONVERSION = YES;
				CLANG_WARN_OBJC_ROOT_CLASS = YES_ERROR;
				CLANG_WARN_QUOTED_INCLUDE_IN_FRAMEWORK_HEADER = YES;
				CLANG_WARN_RANGE_LOOP_ANALYSIS = YES;
				CLANG_WARN_STRICT_PROTOTYPES = YES;
				CLANG_WARN_SUSPICIOUS_MOVE = YES;
				CLANG_WARN_UNGUARDED_AVAILABILITY = YES_AGGRESSIVE;
				CLANG_WARN_UNREACHABLE_CODE = YES;
				CLANG_WARN__DUPLICATE_METHOD_MATCH = YES;
				COPY_PHASE_STRIP = NO;
				DEBUG_INFORMATION_FORMAT = "dwarf-with-dsym";
				ENABLE_NS_ASSERTIONS = NO;
				ENABLE_STRICT_OBJC_MSGSEND = YES;
				GCC_C_LANGUAGE_STANDARD = gnu11;
				GCC_NO_COMMON_BLOCKS = YES;
				GCC_WARN_64_TO_32_BIT_CONVERSION = YES;
				GCC_WARN_ABOUT_RETURN_TYPE = YES_ERROR;
				GCC_WARN_UNDECLARED_SELECTOR = YES;
				GCC_WARN_UNINITIALIZED_AUTOS = YES_AGGRESSIVE;
				GCC_WARN_UNUSED_FUNCTION = YES;
				GCC_WARN_UNUSED_VARIABLE = YES;
				IPHONEOS_DEPLOYMENT_TARGET = 14.0;
				MTL_ENABLE_DEBUG_INFO = NO;
				MTL_FAST_MATH = YES;
				SDKROOT = iphoneos;
				SWIFT_COMPILATION_MODE = wholemodule;
				SWIFT_OPTIMIZATION_LEVEL = "-O";
				VALIDATE_PRODUCT = YES;
			};
			name = Release;
		};
		9A4C3ED728313B30001960FF /* Debug */ = {
			isa = XCBuildConfiguration;
			baseConfigurationReference = B5D6626179DC6AFC862A1D3D /* Pods-dietaryMedicine.debug.xcconfig */;
			buildSettings = {
				ASSETCATALOG_COMPILER_APPICON_NAME = AppIcon;
				ASSETCATALOG_COMPILER_GLOBAL_ACCENT_COLOR_NAME = AccentColor;
				CODE_SIGN_STYLE = Automatic;
				CURRENT_PROJECT_VERSION = 1;
				DEVELOPMENT_TEAM = K82D89RA5U;
				GENERATE_INFOPLIST_FILE = YES;
				INFOPLIST_FILE = dietaryMedicine/Info.plist;
				INFOPLIST_KEY_NSMainNibFile = Login;
				INFOPLIST_KEY_UIApplicationSupportsIndirectInputEvents = YES;
				INFOPLIST_KEY_UILaunchStoryboardName = LaunchScreen;
				INFOPLIST_KEY_UISupportedInterfaceOrientations_iPad = "UIInterfaceOrientationPortrait UIInterfaceOrientationPortraitUpsideDown UIInterfaceOrientationLandscapeLeft UIInterfaceOrientationLandscapeRight";
				INFOPLIST_KEY_UISupportedInterfaceOrientations_iPhone = "UIInterfaceOrientationPortrait UIInterfaceOrientationLandscapeLeft UIInterfaceOrientationLandscapeRight";
				LD_RUNPATH_SEARCH_PATHS = (
					"$(inherited)",
					"@executable_path/Frameworks",
				);
				MARKETING_VERSION = 1.0;
				PRODUCT_BUNDLE_IDENTIFIER = arob6.dietaryMedicine;
				PRODUCT_NAME = "$(TARGET_NAME)";
				SWIFT_EMIT_LOC_STRINGS = YES;
				SWIFT_VERSION = 5.0;
				TARGETED_DEVICE_FAMILY = "1,2";
			};
			name = Debug;
		};
		9A4C3ED828313B30001960FF /* Release */ = {
			isa = XCBuildConfiguration;
			baseConfigurationReference = 7E8778B6256CBDCC52975E3A /* Pods-dietaryMedicine.release.xcconfig */;
			buildSettings = {
				ASSETCATALOG_COMPILER_APPICON_NAME = AppIcon;
				ASSETCATALOG_COMPILER_GLOBAL_ACCENT_COLOR_NAME = AccentColor;
				CODE_SIGN_STYLE = Automatic;
				CURRENT_PROJECT_VERSION = 1;
				DEVELOPMENT_TEAM = K82D89RA5U;
				GENERATE_INFOPLIST_FILE = YES;
				INFOPLIST_FILE = dietaryMedicine/Info.plist;
				INFOPLIST_KEY_NSMainNibFile = Login;
				INFOPLIST_KEY_UIApplicationSupportsIndirectInputEvents = YES;
				INFOPLIST_KEY_UILaunchStoryboardName = LaunchScreen;
				INFOPLIST_KEY_UISupportedInterfaceOrientations_iPad = "UIInterfaceOrientationPortrait UIInterfaceOrientationPortraitUpsideDown UIInterfaceOrientationLandscapeLeft UIInterfaceOrientationLandscapeRight";
				INFOPLIST_KEY_UISupportedInterfaceOrientations_iPhone = "UIInterfaceOrientationPortrait UIInterfaceOrientationLandscapeLeft UIInterfaceOrientationLandscapeRight";
				LD_RUNPATH_SEARCH_PATHS = (
					"$(inherited)",
					"@executable_path/Frameworks",
				);
				MARKETING_VERSION = 1.0;
				PRODUCT_BUNDLE_IDENTIFIER = arob6.dietaryMedicine;
				PRODUCT_NAME = "$(TARGET_NAME)";
				SWIFT_EMIT_LOC_STRINGS = YES;
				SWIFT_VERSION = 5.0;
				TARGETED_DEVICE_FAMILY = "1,2";
			};
			name = Release;
		};
/* End XCBuildConfiguration section */

/* Begin XCConfigurationList section */
		9A4C3EBD28313B2E001960FF /* Build configuration list for PBXProject "dietaryMedicine" */ = {
			isa = XCConfigurationList;
			buildConfigurations = (
				9A4C3ED428313B30001960FF /* Debug */,
				9A4C3ED528313B30001960FF /* Release */,
			);
			defaultConfigurationIsVisible = 0;
			defaultConfigurationName = Release;
		};
		9A4C3ED628313B30001960FF /* Build configuration list for PBXNativeTarget "dietaryMedicine" */ = {
			isa = XCConfigurationList;
			buildConfigurations = (
				9A4C3ED728313B30001960FF /* Debug */,
				9A4C3ED828313B30001960FF /* Release */,
			);
			defaultConfigurationIsVisible = 0;
			defaultConfigurationName = Release;
		};
/* End XCConfigurationList section */
	};
	rootObject = 9A4C3EBA28313B2E001960FF /* Project object */;
}
